// !$*UTF8*$!
{
	archiveVersion = 1;
	classes = {
	};
	objectVersion = 46;
	objects = {

/* Begin PBXBuildFile section */
		8F02BE291C857BAE00BA2646 /* UIStoryboardSegue.swift in Sources */ = {isa = PBXBuildFile; fileRef = 8F02BE281C857BAE00BA2646 /* UIStoryboardSegue.swift */; };
		8F33CEDA1D41F9F30085BD56 /* UIView+Hierarchy.swift in Sources */ = {isa = PBXBuildFile; fileRef = 8F33CED91D41F9F30085BD56 /* UIView+Hierarchy.swift */; };
		8F33CEDC1D41FA250085BD56 /* UISlider.swift in Sources */ = {isa = PBXBuildFile; fileRef = 8F33CEDB1D41FA250085BD56 /* UISlider.swift */; };
		8F33CEDE1D41FC0C0085BD56 /* UIView+Convenience.swift in Sources */ = {isa = PBXBuildFile; fileRef = 8F33CEDD1D41FC0C0085BD56 /* UIView+Convenience.swift */; };
		8F33CEE01D41FD1A0085BD56 /* UIView+Snapshot.swift in Sources */ = {isa = PBXBuildFile; fileRef = 8F33CEDF1D41FD1A0085BD56 /* UIView+Snapshot.swift */; };
		8F79390A1D1BF02E002FFAD1 /* ManagedCollectionViewController.swift in Sources */ = {isa = PBXBuildFile; fileRef = 8F7939091D1BF02E002FFAD1 /* ManagedCollectionViewController.swift */; };
		8F8D90EA1C84632900142128 /* Arithmetic.framework in Frameworks */ = {isa = PBXBuildFile; fileRef = 8F8D90E61C84632900142128 /* Arithmetic.framework */; };
		8F8D90EB1C84632900142128 /* Collections.framework in Frameworks */ = {isa = PBXBuildFile; fileRef = 8F8D90E71C84632900142128 /* Collections.framework */; };
		8F8D90ED1C84632900142128 /* Graphics.framework in Frameworks */ = {isa = PBXBuildFile; fileRef = 8F8D90E91C84632900142128 /* Graphics.framework */; };
		8F91BA341C844427004CBDB9 /* Cartfile in Resources */ = {isa = PBXBuildFile; fileRef = 8F91BA331C844427004CBDB9 /* Cartfile */; };
		8FA50D7D1CAD287C005D28B6 /* CellsView.swift in Sources */ = {isa = PBXBuildFile; fileRef = 8FA50D7C1CAD287C005D28B6 /* CellsView.swift */; };
		8FA50D851CAD2CFE005D28B6 /* AppDelegate.swift in Sources */ = {isa = PBXBuildFile; fileRef = 8FA50D841CAD2CFE005D28B6 /* AppDelegate.swift */; };
		8FA50D871CAD2CFE005D28B6 /* ViewController.swift in Sources */ = {isa = PBXBuildFile; fileRef = 8FA50D861CAD2CFE005D28B6 /* ViewController.swift */; };
		8FA50D8A1CAD2CFE005D28B6 /* Main.storyboard in Resources */ = {isa = PBXBuildFile; fileRef = 8FA50D881CAD2CFE005D28B6 /* Main.storyboard */; };
		8FA50D8C1CAD2CFE005D28B6 /* Assets.xcassets in Resources */ = {isa = PBXBuildFile; fileRef = 8FA50D8B1CAD2CFE005D28B6 /* Assets.xcassets */; };
		8FA50D8F1CAD2CFE005D28B6 /* LaunchScreen.storyboard in Resources */ = {isa = PBXBuildFile; fileRef = 8FA50D8D1CAD2CFE005D28B6 /* LaunchScreen.storyboard */; };
		8FA50D941CAD3046005D28B6 /* UserInterface.framework in Frameworks */ = {isa = PBXBuildFile; fileRef = 8FD8750D1C76293800181FA6 /* UserInterface.framework */; };
		8FA50D951CAD3046005D28B6 /* UserInterface.framework in Embed Frameworks */ = {isa = PBXBuildFile; fileRef = 8FD8750D1C76293800181FA6 /* UserInterface.framework */; settings = {ATTRIBUTES = (CodeSignOnCopy, RemoveHeadersOnCopy, ); }; };
		8FA50D991CAD3050005D28B6 /* Arithmetic.framework in Frameworks */ = {isa = PBXBuildFile; fileRef = 8F8D90E61C84632900142128 /* Arithmetic.framework */; };
		8FA50D9A1CAD3050005D28B6 /* Arithmetic.framework in Embed Frameworks */ = {isa = PBXBuildFile; fileRef = 8F8D90E61C84632900142128 /* Arithmetic.framework */; settings = {ATTRIBUTES = (CodeSignOnCopy, RemoveHeadersOnCopy, ); }; };
		8FA50D9B1CAD3050005D28B6 /* Collections.framework in Frameworks */ = {isa = PBXBuildFile; fileRef = 8F8D90E71C84632900142128 /* Collections.framework */; };
		8FA50D9C1CAD3050005D28B6 /* Collections.framework in Embed Frameworks */ = {isa = PBXBuildFile; fileRef = 8F8D90E71C84632900142128 /* Collections.framework */; settings = {ATTRIBUTES = (CodeSignOnCopy, RemoveHeadersOnCopy, ); }; };
		8FA50D9D1CAD3050005D28B6 /* Graphics.framework in Frameworks */ = {isa = PBXBuildFile; fileRef = 8F8D90E91C84632900142128 /* Graphics.framework */; };
		8FA50D9E1CAD3050005D28B6 /* Graphics.framework in Embed Frameworks */ = {isa = PBXBuildFile; fileRef = 8F8D90E91C84632900142128 /* Graphics.framework */; settings = {ATTRIBUTES = (CodeSignOnCopy, RemoveHeadersOnCopy, ); }; };
		8FD875111C76293800181FA6 /* UserInterface.h in Headers */ = {isa = PBXBuildFile; fileRef = 8FD875101C76293800181FA6 /* UserInterface.h */; settings = {ATTRIBUTES = (Public, ); }; };
		8FD875181C76293800181FA6 /* UserInterface.framework in Frameworks */ = {isa = PBXBuildFile; fileRef = 8FD8750D1C76293800181FA6 /* UserInterface.framework */; };
		8FD8751D1C76293800181FA6 /* UserInterfaceTests.swift in Sources */ = {isa = PBXBuildFile; fileRef = 8FD8751C1C76293800181FA6 /* UserInterfaceTests.swift */; };
		8FD8753A1C76295900181FA6 /* UIActivityIndicatorView.swift in Sources */ = {isa = PBXBuildFile; fileRef = 8FD875271C76295900181FA6 /* UIActivityIndicatorView.swift */; };
		8FD8753B1C76295900181FA6 /* UIApplication.swift in Sources */ = {isa = PBXBuildFile; fileRef = 8FD875281C76295900181FA6 /* UIApplication.swift */; };
		8FD8753C1C76295900181FA6 /* UIButton.swift in Sources */ = {isa = PBXBuildFile; fileRef = 8FD875291C76295900181FA6 /* UIButton.swift */; };
		8FD8753D1C76295900181FA6 /* UICollectionView.swift in Sources */ = {isa = PBXBuildFile; fileRef = 8FD8752A1C76295900181FA6 /* UICollectionView.swift */; };
		8FD8753E1C76295900181FA6 /* UIColor.swift in Sources */ = {isa = PBXBuildFile; fileRef = 8FD8752B1C76295900181FA6 /* UIColor.swift */; };
		8FD8753F1C76295900181FA6 /* UIDatePicker.swift in Sources */ = {isa = PBXBuildFile; fileRef = 8FD8752C1C76295900181FA6 /* UIDatePicker.swift */; };
		8FD875401C76295900181FA6 /* UIEdgeInsets.swift in Sources */ = {isa = PBXBuildFile; fileRef = 8FD8752D1C76295900181FA6 /* UIEdgeInsets.swift */; };
		8FD875411C76295900181FA6 /* UIFont.swift in Sources */ = {isa = PBXBuildFile; fileRef = 8FD8752E1C76295900181FA6 /* UIFont.swift */; };
		8FD875431C76295900181FA6 /* UIKitLocalizedString.swift in Sources */ = {isa = PBXBuildFile; fileRef = 8FD875301C76295900181FA6 /* UIKitLocalizedString.swift */; };
		8FD875441C76295900181FA6 /* UILabel.swift in Sources */ = {isa = PBXBuildFile; fileRef = 8FD875311C76295900181FA6 /* UILabel.swift */; };
		8FD875451C76295900181FA6 /* UILayoutConstraintAxis.swift in Sources */ = {isa = PBXBuildFile; fileRef = 8FD875321C76295900181FA6 /* UILayoutConstraintAxis.swift */; };
		8FD875461C76295900181FA6 /* UINavigationBar.swift in Sources */ = {isa = PBXBuildFile; fileRef = 8FD875331C76295900181FA6 /* UINavigationBar.swift */; };
		8FD875471C76295900181FA6 /* UIPickerView.swift in Sources */ = {isa = PBXBuildFile; fileRef = 8FD875341C76295900181FA6 /* UIPickerView.swift */; };
		8FD875481C76295900181FA6 /* UITableView.swift in Sources */ = {isa = PBXBuildFile; fileRef = 8FD875351C76295900181FA6 /* UITableView.swift */; };
		8FD875491C76295900181FA6 /* UITextView.swift in Sources */ = {isa = PBXBuildFile; fileRef = 8FD875361C76295900181FA6 /* UITextView.swift */; };
		8FD8754A1C76295900181FA6 /* UIView.swift in Sources */ = {isa = PBXBuildFile; fileRef = 8FD875371C76295900181FA6 /* UIView.swift */; };
		8FD8754B1C76295900181FA6 /* UIViewController.swift in Sources */ = {isa = PBXBuildFile; fileRef = 8FD875381C76295900181FA6 /* UIViewController.swift */; };
		8FD8754C1C76295900181FA6 /* UIBezierPath.swift in Sources */ = {isa = PBXBuildFile; fileRef = 8FD875391C76295900181FA6 /* UIBezierPath.swift */; };
		8FD875CC1C762C2900181FA6 /* Error.swift in Sources */ = {isa = PBXBuildFile; fileRef = 8FD875CB1C762C2900181FA6 /* Error.swift */; };
/* End PBXBuildFile section */

/* Begin PBXContainerItemProxy section */
		8FA50D961CAD3046005D28B6 /* PBXContainerItemProxy */ = {
			isa = PBXContainerItemProxy;
			containerPortal = 8FD875041C76293800181FA6 /* Project object */;
			proxyType = 1;
			remoteGlobalIDString = 8FD8750C1C76293800181FA6;
			remoteInfo = UserInterface;
		};
		8FD875191C76293800181FA6 /* PBXContainerItemProxy */ = {
			isa = PBXContainerItemProxy;
			containerPortal = 8FD875041C76293800181FA6 /* Project object */;
			proxyType = 1;
			remoteGlobalIDString = 8FD8750C1C76293800181FA6;
			remoteInfo = UserInterface;
		};
/* End PBXContainerItemProxy section */

/* Begin PBXCopyFilesBuildPhase section */
		8FA50D981CAD3046005D28B6 /* Embed Frameworks */ = {
			isa = PBXCopyFilesBuildPhase;
			buildActionMask = 2147483647;
			dstPath = "";
			dstSubfolderSpec = 10;
			files = (
				8FA50D9A1CAD3050005D28B6 /* Arithmetic.framework in Embed Frameworks */,
				8FA50D951CAD3046005D28B6 /* UserInterface.framework in Embed Frameworks */,
				8FA50D9C1CAD3050005D28B6 /* Collections.framework in Embed Frameworks */,
				8FA50D9E1CAD3050005D28B6 /* Graphics.framework in Embed Frameworks */,
			);
			name = "Embed Frameworks";
			runOnlyForDeploymentPostprocessing = 0;
		};
/* End PBXCopyFilesBuildPhase section */

/* Begin PBXFileReference section */
		8F02BE281C857BAE00BA2646 /* UIStoryboardSegue.swift */ = {isa = PBXFileReference; fileEncoding = 4; lastKnownFileType = sourcecode.swift; path = UIStoryboardSegue.swift; sourceTree = "<group>"; };
		8F33CED91D41F9F30085BD56 /* UIView+Hierarchy.swift */ = {isa = PBXFileReference; fileEncoding = 4; lastKnownFileType = sourcecode.swift; path = "UIView+Hierarchy.swift"; sourceTree = "<group>"; };
		8F33CEDB1D41FA250085BD56 /* UISlider.swift */ = {isa = PBXFileReference; fileEncoding = 4; lastKnownFileType = sourcecode.swift; path = UISlider.swift; sourceTree = "<group>"; };
		8F33CEDD1D41FC0C0085BD56 /* UIView+Convenience.swift */ = {isa = PBXFileReference; fileEncoding = 4; lastKnownFileType = sourcecode.swift; path = "UIView+Convenience.swift"; sourceTree = "<group>"; };
		8F33CEDF1D41FD1A0085BD56 /* UIView+Snapshot.swift */ = {isa = PBXFileReference; fileEncoding = 4; lastKnownFileType = sourcecode.swift; path = "UIView+Snapshot.swift"; sourceTree = "<group>"; };
		8F7939091D1BF02E002FFAD1 /* ManagedCollectionViewController.swift */ = {isa = PBXFileReference; fileEncoding = 4; lastKnownFileType = sourcecode.swift; path = ManagedCollectionViewController.swift; sourceTree = "<group>"; };
		8F8D90E61C84632900142128 /* Arithmetic.framework */ = {isa = PBXFileReference; lastKnownFileType = wrapper.framework; name = Arithmetic.framework; path = Carthage/Build/iOS/Arithmetic.framework; sourceTree = "<group>"; };
		8F8D90E71C84632900142128 /* Collections.framework */ = {isa = PBXFileReference; lastKnownFileType = wrapper.framework; name = Collections.framework; path = Carthage/Build/iOS/Collections.framework; sourceTree = "<group>"; };
		8F8D90E91C84632900142128 /* Graphics.framework */ = {isa = PBXFileReference; lastKnownFileType = wrapper.framework; name = Graphics.framework; path = Carthage/Build/iOS/Graphics.framework; sourceTree = "<group>"; };
		8F91BA331C844427004CBDB9 /* Cartfile */ = {isa = PBXFileReference; fileEncoding = 4; lastKnownFileType = text; path = Cartfile; sourceTree = "<group>"; };
		8FA50D7C1CAD287C005D28B6 /* CellsView.swift */ = {isa = PBXFileReference; fileEncoding = 4; lastKnownFileType = sourcecode.swift; path = CellsView.swift; sourceTree = "<group>"; };
		8FA50D821CAD2CFE005D28B6 /* UserInterfaceDemo.app */ = {isa = PBXFileReference; explicitFileType = wrapper.application; includeInIndex = 0; path = UserInterfaceDemo.app; sourceTree = BUILT_PRODUCTS_DIR; };
		8FA50D841CAD2CFE005D28B6 /* AppDelegate.swift */ = {isa = PBXFileReference; lastKnownFileType = sourcecode.swift; path = AppDelegate.swift; sourceTree = "<group>"; };
		8FA50D861CAD2CFE005D28B6 /* ViewController.swift */ = {isa = PBXFileReference; lastKnownFileType = sourcecode.swift; path = ViewController.swift; sourceTree = "<group>"; };
		8FA50D891CAD2CFE005D28B6 /* Base */ = {isa = PBXFileReference; lastKnownFileType = file.storyboard; name = Base; path = Base.lproj/Main.storyboard; sourceTree = "<group>"; };
		8FA50D8B1CAD2CFE005D28B6 /* Assets.xcassets */ = {isa = PBXFileReference; lastKnownFileType = folder.assetcatalog; path = Assets.xcassets; sourceTree = "<group>"; };
		8FA50D8E1CAD2CFE005D28B6 /* Base */ = {isa = PBXFileReference; lastKnownFileType = file.storyboard; name = Base; path = Base.lproj/LaunchScreen.storyboard; sourceTree = "<group>"; };
		8FA50D901CAD2CFE005D28B6 /* Info.plist */ = {isa = PBXFileReference; lastKnownFileType = text.plist.xml; path = Info.plist; sourceTree = "<group>"; };
		8FD8750D1C76293800181FA6 /* UserInterface.framework */ = {isa = PBXFileReference; explicitFileType = wrapper.framework; includeInIndex = 0; path = UserInterface.framework; sourceTree = BUILT_PRODUCTS_DIR; };
		8FD875101C76293800181FA6 /* UserInterface.h */ = {isa = PBXFileReference; lastKnownFileType = sourcecode.c.h; path = UserInterface.h; sourceTree = "<group>"; };
		8FD875121C76293800181FA6 /* Info.plist */ = {isa = PBXFileReference; lastKnownFileType = text.plist.xml; path = Info.plist; sourceTree = "<group>"; };
		8FD875171C76293800181FA6 /* UserInterfaceTests.xctest */ = {isa = PBXFileReference; explicitFileType = wrapper.cfbundle; includeInIndex = 0; path = UserInterfaceTests.xctest; sourceTree = BUILT_PRODUCTS_DIR; };
		8FD8751C1C76293800181FA6 /* UserInterfaceTests.swift */ = {isa = PBXFileReference; lastKnownFileType = sourcecode.swift; path = UserInterfaceTests.swift; sourceTree = "<group>"; };
		8FD8751E1C76293800181FA6 /* Info.plist */ = {isa = PBXFileReference; lastKnownFileType = text.plist.xml; path = Info.plist; sourceTree = "<group>"; };
		8FD875271C76295900181FA6 /* UIActivityIndicatorView.swift */ = {isa = PBXFileReference; fileEncoding = 4; lastKnownFileType = sourcecode.swift; path = UIActivityIndicatorView.swift; sourceTree = "<group>"; };
		8FD875281C76295900181FA6 /* UIApplication.swift */ = {isa = PBXFileReference; fileEncoding = 4; lastKnownFileType = sourcecode.swift; path = UIApplication.swift; sourceTree = "<group>"; };
		8FD875291C76295900181FA6 /* UIButton.swift */ = {isa = PBXFileReference; fileEncoding = 4; lastKnownFileType = sourcecode.swift; path = UIButton.swift; sourceTree = "<group>"; };
		8FD8752A1C76295900181FA6 /* UICollectionView.swift */ = {isa = PBXFileReference; fileEncoding = 4; lastKnownFileType = sourcecode.swift; path = UICollectionView.swift; sourceTree = "<group>"; };
		8FD8752B1C76295900181FA6 /* UIColor.swift */ = {isa = PBXFileReference; fileEncoding = 4; lastKnownFileType = sourcecode.swift; path = UIColor.swift; sourceTree = "<group>"; };
		8FD8752C1C76295900181FA6 /* UIDatePicker.swift */ = {isa = PBXFileReference; fileEncoding = 4; lastKnownFileType = sourcecode.swift; path = UIDatePicker.swift; sourceTree = "<group>"; };
		8FD8752D1C76295900181FA6 /* UIEdgeInsets.swift */ = {isa = PBXFileReference; fileEncoding = 4; lastKnownFileType = sourcecode.swift; path = UIEdgeInsets.swift; sourceTree = "<group>"; };
		8FD8752E1C76295900181FA6 /* UIFont.swift */ = {isa = PBXFileReference; fileEncoding = 4; lastKnownFileType = sourcecode.swift; path = UIFont.swift; sourceTree = "<group>"; };
		8FD875301C76295900181FA6 /* UIKitLocalizedString.swift */ = {isa = PBXFileReference; fileEncoding = 4; lastKnownFileType = sourcecode.swift; path = UIKitLocalizedString.swift; sourceTree = "<group>"; };
		8FD875311C76295900181FA6 /* UILabel.swift */ = {isa = PBXFileReference; fileEncoding = 4; lastKnownFileType = sourcecode.swift; path = UILabel.swift; sourceTree = "<group>"; };
		8FD875321C76295900181FA6 /* UILayoutConstraintAxis.swift */ = {isa = PBXFileReference; fileEncoding = 4; lastKnownFileType = sourcecode.swift; path = UILayoutConstraintAxis.swift; sourceTree = "<group>"; };
		8FD875331C76295900181FA6 /* UINavigationBar.swift */ = {isa = PBXFileReference; fileEncoding = 4; lastKnownFileType = sourcecode.swift; path = UINavigationBar.swift; sourceTree = "<group>"; };
		8FD875341C76295900181FA6 /* UIPickerView.swift */ = {isa = PBXFileReference; fileEncoding = 4; lastKnownFileType = sourcecode.swift; path = UIPickerView.swift; sourceTree = "<group>"; };
		8FD875351C76295900181FA6 /* UITableView.swift */ = {isa = PBXFileReference; fileEncoding = 4; lastKnownFileType = sourcecode.swift; path = UITableView.swift; sourceTree = "<group>"; };
		8FD875361C76295900181FA6 /* UITextView.swift */ = {isa = PBXFileReference; fileEncoding = 4; lastKnownFileType = sourcecode.swift; path = UITextView.swift; sourceTree = "<group>"; };
		8FD875371C76295900181FA6 /* UIView.swift */ = {isa = PBXFileReference; fileEncoding = 4; lastKnownFileType = sourcecode.swift; path = UIView.swift; sourceTree = "<group>"; };
		8FD875381C76295900181FA6 /* UIViewController.swift */ = {isa = PBXFileReference; fileEncoding = 4; lastKnownFileType = sourcecode.swift; path = UIViewController.swift; sourceTree = "<group>"; };
		8FD875391C76295900181FA6 /* UIBezierPath.swift */ = {isa = PBXFileReference; fileEncoding = 4; lastKnownFileType = sourcecode.swift; path = UIBezierPath.swift; sourceTree = "<group>"; };
		8FD875CB1C762C2900181FA6 /* Error.swift */ = {isa = PBXFileReference; fileEncoding = 4; lastKnownFileType = sourcecode.swift; path = Error.swift; sourceTree = "<group>"; };
/* End PBXFileReference section */

/* Begin PBXFrameworksBuildPhase section */
		8FA50D7F1CAD2CFE005D28B6 /* Frameworks */ = {
			isa = PBXFrameworksBuildPhase;
			buildActionMask = 2147483647;
			files = (
				8FA50D991CAD3050005D28B6 /* Arithmetic.framework in Frameworks */,
				8FA50D941CAD3046005D28B6 /* UserInterface.framework in Frameworks */,
				8FA50D9B1CAD3050005D28B6 /* Collections.framework in Frameworks */,
				8FA50D9D1CAD3050005D28B6 /* Graphics.framework in Frameworks */,
			);
			runOnlyForDeploymentPostprocessing = 0;
		};
		8FD875091C76293800181FA6 /* Frameworks */ = {
			isa = PBXFrameworksBuildPhase;
			buildActionMask = 2147483647;
			files = (
				8F8D90EA1C84632900142128 /* Arithmetic.framework in Frameworks */,
				8F8D90EB1C84632900142128 /* Collections.framework in Frameworks */,
				8F8D90ED1C84632900142128 /* Graphics.framework in Frameworks */,
			);
			runOnlyForDeploymentPostprocessing = 0;
		};
		8FD875141C76293800181FA6 /* Frameworks */ = {
			isa = PBXFrameworksBuildPhase;
			buildActionMask = 2147483647;
			files = (
				8FD875181C76293800181FA6 /* UserInterface.framework in Frameworks */,
			);
			runOnlyForDeploymentPostprocessing = 0;
		};
/* End PBXFrameworksBuildPhase section */

/* Begin PBXGroup section */
		8FA50D831CAD2CFE005D28B6 /* UserInterfaceDemo */ = {
			isa = PBXGroup;
			children = (
				8FA50D841CAD2CFE005D28B6 /* AppDelegate.swift */,
				8FA50D861CAD2CFE005D28B6 /* ViewController.swift */,
				8FA50D881CAD2CFE005D28B6 /* Main.storyboard */,
				8FA50D8B1CAD2CFE005D28B6 /* Assets.xcassets */,
				8FA50D8D1CAD2CFE005D28B6 /* LaunchScreen.storyboard */,
				8FA50D901CAD2CFE005D28B6 /* Info.plist */,
			);
			path = UserInterfaceDemo;
			sourceTree = "<group>";
		};
		8FD875031C76293800181FA6 = {
			isa = PBXGroup;
			children = (
				8F8D90E61C84632900142128 /* Arithmetic.framework */,
				8F8D90E71C84632900142128 /* Collections.framework */,
				8F8D90E91C84632900142128 /* Graphics.framework */,
				8F91BA331C844427004CBDB9 /* Cartfile */,
				8FD8750F1C76293800181FA6 /* UserInterface */,
				8FD8751B1C76293800181FA6 /* UserInterfaceTests */,
				8FA50D831CAD2CFE005D28B6 /* UserInterfaceDemo */,
				8FD8750E1C76293800181FA6 /* Products */,
			);
			sourceTree = "<group>";
		};
		8FD8750E1C76293800181FA6 /* Products */ = {
			isa = PBXGroup;
			children = (
				8FD8750D1C76293800181FA6 /* UserInterface.framework */,
				8FD875171C76293800181FA6 /* UserInterfaceTests.xctest */,
				8FA50D821CAD2CFE005D28B6 /* UserInterfaceDemo.app */,
			);
			name = Products;
			sourceTree = "<group>";
		};
		8FD8750F1C76293800181FA6 /* UserInterface */ = {
			isa = PBXGroup;
			children = (
				8FD875271C76295900181FA6 /* UIActivityIndicatorView.swift */,
				8FD875281C76295900181FA6 /* UIApplication.swift */,
				8FD875291C76295900181FA6 /* UIButton.swift */,
				8FA50D7C1CAD287C005D28B6 /* CellsView.swift */,
				8FD8752A1C76295900181FA6 /* UICollectionView.swift */,
				8F7939091D1BF02E002FFAD1 /* ManagedCollectionViewController.swift */,
				8FD8752B1C76295900181FA6 /* UIColor.swift */,
				8FD8752C1C76295900181FA6 /* UIDatePicker.swift */,
				8FD8752D1C76295900181FA6 /* UIEdgeInsets.swift */,
				8FD8752E1C76295900181FA6 /* UIFont.swift */,
				8FD875301C76295900181FA6 /* UIKitLocalizedString.swift */,
				8FD875311C76295900181FA6 /* UILabel.swift */,
				8FD875321C76295900181FA6 /* UILayoutConstraintAxis.swift */,
				8FD875331C76295900181FA6 /* UINavigationBar.swift */,
				8FD875341C76295900181FA6 /* UIPickerView.swift */,
				8F33CEDB1D41FA250085BD56 /* UISlider.swift */,
				8F02BE281C857BAE00BA2646 /* UIStoryboardSegue.swift */,
				8FD875351C76295900181FA6 /* UITableView.swift */,
				8FD875361C76295900181FA6 /* UITextView.swift */,
				8FD875371C76295900181FA6 /* UIView.swift */,
				8F33CEDF1D41FD1A0085BD56 /* UIView+Snapshot.swift */,
				8F33CED91D41F9F30085BD56 /* UIView+Hierarchy.swift */,
				8F33CEDD1D41FC0C0085BD56 /* UIView+Convenience.swift */,
				8FD875381C76295900181FA6 /* UIViewController.swift */,
				8FD875CB1C762C2900181FA6 /* Error.swift */,
				8FD875391C76295900181FA6 /* UIBezierPath.swift */,
				8FD875101C76293800181FA6 /* UserInterface.h */,
				8FD875121C76293800181FA6 /* Info.plist */,
			);
			path = UserInterface;
			sourceTree = "<group>";
		};
		8FD8751B1C76293800181FA6 /* UserInterfaceTests */ = {
			isa = PBXGroup;
			children = (
				8FD8751C1C76293800181FA6 /* UserInterfaceTests.swift */,
				8FD8751E1C76293800181FA6 /* Info.plist */,
			);
			path = UserInterfaceTests;
			sourceTree = "<group>";
		};
/* End PBXGroup section */

/* Begin PBXHeadersBuildPhase section */
		8FD8750A1C76293800181FA6 /* Headers */ = {
			isa = PBXHeadersBuildPhase;
			buildActionMask = 2147483647;
			files = (
				8FD875111C76293800181FA6 /* UserInterface.h in Headers */,
			);
			runOnlyForDeploymentPostprocessing = 0;
		};
/* End PBXHeadersBuildPhase section */

/* Begin PBXNativeTarget section */
		8FA50D811CAD2CFE005D28B6 /* UserInterfaceDemo */ = {
			isa = PBXNativeTarget;
			buildConfigurationList = 8FA50D911CAD2CFE005D28B6 /* Build configuration list for PBXNativeTarget "UserInterfaceDemo" */;
			buildPhases = (
				8FA50D7E1CAD2CFE005D28B6 /* Sources */,
				8FA50D7F1CAD2CFE005D28B6 /* Frameworks */,
				8FA50D801CAD2CFE005D28B6 /* Resources */,
				8FA50D981CAD3046005D28B6 /* Embed Frameworks */,
			);
			buildRules = (
			);
			dependencies = (
				8FA50D971CAD3046005D28B6 /* PBXTargetDependency */,
			);
			name = UserInterfaceDemo;
			productName = UserInterfaceDemo;
			productReference = 8FA50D821CAD2CFE005D28B6 /* UserInterfaceDemo.app */;
			productType = "com.apple.product-type.application";
		};
		8FD8750C1C76293800181FA6 /* UserInterface */ = {
			isa = PBXNativeTarget;
			buildConfigurationList = 8FD875211C76293800181FA6 /* Build configuration list for PBXNativeTarget "UserInterface" */;
			buildPhases = (
				8FD875081C76293800181FA6 /* Sources */,
				8FD875091C76293800181FA6 /* Frameworks */,
				8FD8750A1C76293800181FA6 /* Headers */,
				8FD8750B1C76293800181FA6 /* Resources */,
			);
			buildRules = (
			);
			dependencies = (
			);
			name = UserInterface;
			productName = UserInterface;
			productReference = 8FD8750D1C76293800181FA6 /* UserInterface.framework */;
			productType = "com.apple.product-type.framework";
		};
		8FD875161C76293800181FA6 /* UserInterfaceTests */ = {
			isa = PBXNativeTarget;
			buildConfigurationList = 8FD875241C76293800181FA6 /* Build configuration list for PBXNativeTarget "UserInterfaceTests" */;
			buildPhases = (
				8FD875131C76293800181FA6 /* Sources */,
				8FD875141C76293800181FA6 /* Frameworks */,
				8FD875151C76293800181FA6 /* Resources */,
			);
			buildRules = (
			);
			dependencies = (
				8FD8751A1C76293800181FA6 /* PBXTargetDependency */,
			);
			name = UserInterfaceTests;
			productName = UserInterfaceTests;
			productReference = 8FD875171C76293800181FA6 /* UserInterfaceTests.xctest */;
			productType = "com.apple.product-type.bundle.unit-test";
		};
/* End PBXNativeTarget section */

/* Begin PBXProject section */
		8FD875041C76293800181FA6 /* Project object */ = {
			isa = PBXProject;
			attributes = {
				LastSwiftUpdateCheck = 0720;
				LastUpgradeCheck = 0720;
				ORGANIZATIONNAME = "Christian Otkjær";
				TargetAttributes = {
					8FA50D811CAD2CFE005D28B6 = {
						CreatedOnToolsVersion = 7.2.1;
					};
					8FD8750C1C76293800181FA6 = {
						CreatedOnToolsVersion = 7.2.1;
					};
					8FD875161C76293800181FA6 = {
						CreatedOnToolsVersion = 7.2.1;
					};
				};
			};
			buildConfigurationList = 8FD875071C76293800181FA6 /* Build configuration list for PBXProject "UserInterface" */;
			compatibilityVersion = "Xcode 3.2";
			developmentRegion = English;
			hasScannedForEncodings = 0;
			knownRegions = (
				en,
				Base,
			);
			mainGroup = 8FD875031C76293800181FA6;
			productRefGroup = 8FD8750E1C76293800181FA6 /* Products */;
			projectDirPath = "";
			projectRoot = "";
			targets = (
				8FD8750C1C76293800181FA6 /* UserInterface */,
				8FD875161C76293800181FA6 /* UserInterfaceTests */,
				8FA50D811CAD2CFE005D28B6 /* UserInterfaceDemo */,
			);
		};
/* End PBXProject section */

/* Begin PBXResourcesBuildPhase section */
		8FA50D801CAD2CFE005D28B6 /* Resources */ = {
			isa = PBXResourcesBuildPhase;
			buildActionMask = 2147483647;
			files = (
				8FA50D8F1CAD2CFE005D28B6 /* LaunchScreen.storyboard in Resources */,
				8FA50D8C1CAD2CFE005D28B6 /* Assets.xcassets in Resources */,
				8FA50D8A1CAD2CFE005D28B6 /* Main.storyboard in Resources */,
			);
			runOnlyForDeploymentPostprocessing = 0;
		};
		8FD8750B1C76293800181FA6 /* Resources */ = {
			isa = PBXResourcesBuildPhase;
			buildActionMask = 2147483647;
			files = (
				8F91BA341C844427004CBDB9 /* Cartfile in Resources */,
			);
			runOnlyForDeploymentPostprocessing = 0;
		};
		8FD875151C76293800181FA6 /* Resources */ = {
			isa = PBXResourcesBuildPhase;
			buildActionMask = 2147483647;
			files = (
			);
			runOnlyForDeploymentPostprocessing = 0;
		};
/* End PBXResourcesBuildPhase section */

/* Begin PBXSourcesBuildPhase section */
		8FA50D7E1CAD2CFE005D28B6 /* Sources */ = {
			isa = PBXSourcesBuildPhase;
			buildActionMask = 2147483647;
			files = (
				8FA50D871CAD2CFE005D28B6 /* ViewController.swift in Sources */,
				8FA50D851CAD2CFE005D28B6 /* AppDelegate.swift in Sources */,
			);
			runOnlyForDeploymentPostprocessing = 0;
		};
		8FD875081C76293800181FA6 /* Sources */ = {
			isa = PBXSourcesBuildPhase;
			buildActionMask = 2147483647;
			files = (
				8FD8753B1C76295900181FA6 /* UIApplication.swift in Sources */,
				8FD875461C76295900181FA6 /* UINavigationBar.swift in Sources */,
				8F02BE291C857BAE00BA2646 /* UIStoryboardSegue.swift in Sources */,
				8FD8754B1C76295900181FA6 /* UIViewController.swift in Sources */,
				8F33CEE01D41FD1A0085BD56 /* UIView+Snapshot.swift in Sources */,
				8F33CEDE1D41FC0C0085BD56 /* UIView+Convenience.swift in Sources */,
				8FD875481C76295900181FA6 /* UITableView.swift in Sources */,
				8FD8754C1C76295900181FA6 /* UIBezierPath.swift in Sources */,
				8FD875431C76295900181FA6 /* UIKitLocalizedString.swift in Sources */,
				8FD875401C76295900181FA6 /* UIEdgeInsets.swift in Sources */,
				8FD875441C76295900181FA6 /* UILabel.swift in Sources */,
				8FD8753A1C76295900181FA6 /* UIActivityIndicatorView.swift in Sources */,
				8FD875471C76295900181FA6 /* UIPickerView.swift in Sources */,
				8FD875451C76295900181FA6 /* UILayoutConstraintAxis.swift in Sources */,
				8F33CEDA1D41F9F30085BD56 /* UIView+Hierarchy.swift in Sources */,
				8FD875491C76295900181FA6 /* UITextView.swift in Sources */,
				8FD8753D1C76295900181FA6 /* UICollectionView.swift in Sources */,
				8FD875411C76295900181FA6 /* UIFont.swift in Sources */,
				8FA50D7D1CAD287C005D28B6 /* CellsView.swift in Sources */,
				8FD8753F1C76295900181FA6 /* UIDatePicker.swift in Sources */,
				8F33CEDC1D41FA250085BD56 /* UISlider.swift in Sources */,
				8FD8754A1C76295900181FA6 /* UIView.swift in Sources */,
				8F79390A1D1BF02E002FFAD1 /* ManagedCollectionViewController.swift in Sources */,
				8FD8753C1C76295900181FA6 /* UIButton.swift in Sources */,
				8FD8753E1C76295900181FA6 /* UIColor.swift in Sources */,
				8FD875CC1C762C2900181FA6 /* Error.swift in Sources */,
			);
			runOnlyForDeploymentPostprocessing = 0;
		};
		8FD875131C76293800181FA6 /* Sources */ = {
			isa = PBXSourcesBuildPhase;
			buildActionMask = 2147483647;
			files = (
				8FD8751D1C76293800181FA6 /* UserInterfaceTests.swift in Sources */,
			);
			runOnlyForDeploymentPostprocessing = 0;
		};
/* End PBXSourcesBuildPhase section */

/* Begin PBXTargetDependency section */
		8FA50D971CAD3046005D28B6 /* PBXTargetDependency */ = {
			isa = PBXTargetDependency;
			target = 8FD8750C1C76293800181FA6 /* UserInterface */;
			targetProxy = 8FA50D961CAD3046005D28B6 /* PBXContainerItemProxy */;
		};
		8FD8751A1C76293800181FA6 /* PBXTargetDependency */ = {
			isa = PBXTargetDependency;
			target = 8FD8750C1C76293800181FA6 /* UserInterface */;
			targetProxy = 8FD875191C76293800181FA6 /* PBXContainerItemProxy */;
		};
/* End PBXTargetDependency section */

/* Begin PBXVariantGroup section */
		8FA50D881CAD2CFE005D28B6 /* Main.storyboard */ = {
			isa = PBXVariantGroup;
			children = (
				8FA50D891CAD2CFE005D28B6 /* Base */,
			);
			name = Main.storyboard;
			sourceTree = "<group>";
		};
		8FA50D8D1CAD2CFE005D28B6 /* LaunchScreen.storyboard */ = {
			isa = PBXVariantGroup;
			children = (
				8FA50D8E1CAD2CFE005D28B6 /* Base */,
			);
			name = LaunchScreen.storyboard;
			sourceTree = "<group>";
		};
/* End PBXVariantGroup section */

/* Begin XCBuildConfiguration section */
		8FA50D921CAD2CFE005D28B6 /* Debug */ = {
			isa = XCBuildConfiguration;
			buildSettings = {
				ASSETCATALOG_COMPILER_APPICON_NAME = AppIcon;
				EMBEDDED_CONTENT_CONTAINS_SWIFT = YES;
				FRAMEWORK_SEARCH_PATHS = (
					"$(inherited)",
					"$(PROJECT_DIR)/Carthage/Build/iOS",
				);
				INFOPLIST_FILE = UserInterfaceDemo/Info.plist;
				LD_RUNPATH_SEARCH_PATHS = "$(inherited) @executable_path/Frameworks";
				PRODUCT_BUNDLE_IDENTIFIER = "com.silverback-it.UserInterfaceDemo";
				PRODUCT_NAME = "$(TARGET_NAME)";
			};
			name = Debug;
		};
		8FA50D931CAD2CFE005D28B6 /* Release */ = {
			isa = XCBuildConfiguration;
			buildSettings = {
				ASSETCATALOG_COMPILER_APPICON_NAME = AppIcon;
				EMBEDDED_CONTENT_CONTAINS_SWIFT = YES;
				FRAMEWORK_SEARCH_PATHS = (
					"$(inherited)",
					"$(PROJECT_DIR)/Carthage/Build/iOS",
				);
				INFOPLIST_FILE = UserInterfaceDemo/Info.plist;
				LD_RUNPATH_SEARCH_PATHS = "$(inherited) @executable_path/Frameworks";
				PRODUCT_BUNDLE_IDENTIFIER = "com.silverback-it.UserInterfaceDemo";
				PRODUCT_NAME = "$(TARGET_NAME)";
			};
			name = Release;
		};
		8FD8751F1C76293800181FA6 /* Debug */ = {
			isa = XCBuildConfiguration;
			buildSettings = {
				ALWAYS_SEARCH_USER_PATHS = NO;
				CLANG_CXX_LANGUAGE_STANDARD = "gnu++0x";
				CLANG_CXX_LIBRARY = "libc++";
				CLANG_ENABLE_MODULES = YES;
				CLANG_ENABLE_OBJC_ARC = YES;
				CLANG_WARN_BOOL_CONVERSION = YES;
				CLANG_WARN_CONSTANT_CONVERSION = YES;
				CLANG_WARN_DIRECT_OBJC_ISA_USAGE = YES_ERROR;
				CLANG_WARN_EMPTY_BODY = YES;
				CLANG_WARN_ENUM_CONVERSION = YES;
				CLANG_WARN_INT_CONVERSION = YES;
				CLANG_WARN_OBJC_ROOT_CLASS = YES_ERROR;
				CLANG_WARN_UNREACHABLE_CODE = YES;
				CLANG_WARN__DUPLICATE_METHOD_MATCH = YES;
				"CODE_SIGN_IDENTITY[sdk=iphoneos*]" = "iPhone Developer";
				COPY_PHASE_STRIP = NO;
				CURRENT_PROJECT_VERSION = 1;
				DEBUG_INFORMATION_FORMAT = dwarf;
				ENABLE_STRICT_OBJC_MSGSEND = YES;
				ENABLE_TESTABILITY = YES;
				GCC_C_LANGUAGE_STANDARD = gnu99;
				GCC_DYNAMIC_NO_PIC = NO;
				GCC_NO_COMMON_BLOCKS = YES;
				GCC_OPTIMIZATION_LEVEL = 0;
				GCC_PREPROCESSOR_DEFINITIONS = (
					"DEBUG=1",
					"$(inherited)",
				);
				GCC_WARN_64_TO_32_BIT_CONVERSION = YES;
				GCC_WARN_ABOUT_RETURN_TYPE = YES_ERROR;
				GCC_WARN_UNDECLARED_SELECTOR = YES;
				GCC_WARN_UNINITIALIZED_AUTOS = YES_AGGRESSIVE;
				GCC_WARN_UNUSED_FUNCTION = YES;
				GCC_WARN_UNUSED_VARIABLE = YES;
				IPHONEOS_DEPLOYMENT_TARGET = 9.2;
				MTL_ENABLE_DEBUG_INFO = YES;
				ONLY_ACTIVE_ARCH = YES;
				SDKROOT = iphoneos;
				SWIFT_OPTIMIZATION_LEVEL = "-Onone";
				TARGETED_DEVICE_FAMILY = "1,2";
				VERSIONING_SYSTEM = "apple-generic";
				VERSION_INFO_PREFIX = "";
			};
			name = Debug;
		};
		8FD875201C76293800181FA6 /* Release */ = {
			isa = XCBuildConfiguration;
			buildSettings = {
				ALWAYS_SEARCH_USER_PATHS = NO;
				CLANG_CXX_LANGUAGE_STANDARD = "gnu++0x";
				CLANG_CXX_LIBRARY = "libc++";
				CLANG_ENABLE_MODULES = YES;
				CLANG_ENABLE_OBJC_ARC = YES;
				CLANG_WARN_BOOL_CONVERSION = YES;
				CLANG_WARN_CONSTANT_CONVERSION = YES;
				CLANG_WARN_DIRECT_OBJC_ISA_USAGE = YES_ERROR;
				CLANG_WARN_EMPTY_BODY = YES;
				CLANG_WARN_ENUM_CONVERSION = YES;
				CLANG_WARN_INT_CONVERSION = YES;
				CLANG_WARN_OBJC_ROOT_CLASS = YES_ERROR;
				CLANG_WARN_UNREACHABLE_CODE = YES;
				CLANG_WARN__DUPLICATE_METHOD_MATCH = YES;
				"CODE_SIGN_IDENTITY[sdk=iphoneos*]" = "iPhone Developer";
				COPY_PHASE_STRIP = NO;
				CURRENT_PROJECT_VERSION = 1;
				DEBUG_INFORMATION_FORMAT = "dwarf-with-dsym";
				ENABLE_NS_ASSERTIONS = NO;
				ENABLE_STRICT_OBJC_MSGSEND = YES;
				GCC_C_LANGUAGE_STANDARD = gnu99;
				GCC_NO_COMMON_BLOCKS = YES;
				GCC_WARN_64_TO_32_BIT_CONVERSION = YES;
				GCC_WARN_ABOUT_RETURN_TYPE = YES_ERROR;
				GCC_WARN_UNDECLARED_SELECTOR = YES;
				GCC_WARN_UNINITIALIZED_AUTOS = YES_AGGRESSIVE;
				GCC_WARN_UNUSED_FUNCTION = YES;
				GCC_WARN_UNUSED_VARIABLE = YES;
				IPHONEOS_DEPLOYMENT_TARGET = 9.2;
				MTL_ENABLE_DEBUG_INFO = NO;
				SDKROOT = iphoneos;
				TARGETED_DEVICE_FAMILY = "1,2";
				VALIDATE_PRODUCT = YES;
				VERSIONING_SYSTEM = "apple-generic";
				VERSION_INFO_PREFIX = "";
			};
			name = Release;
		};
		8FD875221C76293800181FA6 /* Debug */ = {
			isa = XCBuildConfiguration;
			buildSettings = {
				CLANG_ENABLE_MODULES = YES;
				DEFINES_MODULE = YES;
				DYLIB_COMPATIBILITY_VERSION = 1;
				DYLIB_CURRENT_VERSION = 1;
				DYLIB_INSTALL_NAME_BASE = "@rpath";
				FRAMEWORK_SEARCH_PATHS = (
					"$(inherited)",
					"$(PROJECT_DIR)/Carthage/Build/iOS",
				);
				INFOPLIST_FILE = UserInterface/Info.plist;
				INSTALL_PATH = "$(LOCAL_LIBRARY_DIR)/Frameworks";
				LD_RUNPATH_SEARCH_PATHS = "$(inherited) @executable_path/Frameworks @loader_path/Frameworks";
				PRODUCT_BUNDLE_IDENTIFIER = "com.silverback-it.UserInterface";
				PRODUCT_NAME = "$(TARGET_NAME)";
				SKIP_INSTALL = YES;
				SWIFT_OPTIMIZATION_LEVEL = "-Onone";
			};
			name = Debug;
		};
		8FD875231C76293800181FA6 /* Release */ = {
			isa = XCBuildConfiguration;
			buildSettings = {
				CLANG_ENABLE_MODULES = YES;
				DEFINES_MODULE = YES;
				DYLIB_COMPATIBILITY_VERSION = 1;
				DYLIB_CURRENT_VERSION = 1;
				DYLIB_INSTALL_NAME_BASE = "@rpath";
				FRAMEWORK_SEARCH_PATHS = (
					"$(inherited)",
					"$(PROJECT_DIR)/Carthage/Build/iOS",
				);
				INFOPLIST_FILE = UserInterface/Info.plist;
				INSTALL_PATH = "$(LOCAL_LIBRARY_DIR)/Frameworks";
				LD_RUNPATH_SEARCH_PATHS = "$(inherited) @executable_path/Frameworks @loader_path/Frameworks";
				PRODUCT_BUNDLE_IDENTIFIER = "com.silverback-it.UserInterface";
				PRODUCT_NAME = "$(TARGET_NAME)";
				SKIP_INSTALL = YES;
			};
			name = Release;
		};
		8FD875251C76293800181FA6 /* Debug */ = {
			isa = XCBuildConfiguration;
			buildSettings = {
				INFOPLIST_FILE = UserInterfaceTests/Info.plist;
				LD_RUNPATH_SEARCH_PATHS = "$(inherited) @executable_path/Frameworks @loader_path/Frameworks";
				PRODUCT_BUNDLE_IDENTIFIER = "com.silverback-it.UserInterfaceTests";
				PRODUCT_NAME = "$(TARGET_NAME)";
			};
			name = Debug;
		};
		8FD875261C76293800181FA6 /* Release */ = {
			isa = XCBuildConfiguration;
			buildSettings = {
				INFOPLIST_FILE = UserInterfaceTests/Info.plist;
				LD_RUNPATH_SEARCH_PATHS = "$(inherited) @executable_path/Frameworks @loader_path/Frameworks";
				PRODUCT_BUNDLE_IDENTIFIER = "com.silverback-it.UserInterfaceTests";
				PRODUCT_NAME = "$(TARGET_NAME)";
			};
			name = Release;
		};
/* End XCBuildConfiguration section */

/* Begin XCConfigurationList section */
		8FA50D911CAD2CFE005D28B6 /* Build configuration list for PBXNativeTarget "UserInterfaceDemo" */ = {
			isa = XCConfigurationList;
			buildConfigurations = (
				8FA50D921CAD2CFE005D28B6 /* Debug */,
				8FA50D931CAD2CFE005D28B6 /* Release */,
			);
			defaultConfigurationIsVisible = 0;
			defaultConfigurationName = Release;
		};
		8FD875071C76293800181FA6 /* Build configuration list for PBXProject "UserInterface" */ = {
			isa = XCConfigurationList;
			buildConfigurations = (
				8FD8751F1C76293800181FA6 /* Debug */,
				8FD875201C76293800181FA6 /* Release */,
			);
			defaultConfigurationIsVisible = 0;
			defaultConfigurationName = Release;
		};
		8FD875211C76293800181FA6 /* Build configuration list for PBXNativeTarget "UserInterface" */ = {
			isa = XCConfigurationList;
			buildConfigurations = (
				8FD875221C76293800181FA6 /* Debug */,
				8FD875231C76293800181FA6 /* Release */,
			);
			defaultConfigurationIsVisible = 0;
			defaultConfigurationName = Release;
		};
		8FD875241C76293800181FA6 /* Build configuration list for PBXNativeTarget "UserInterfaceTests" */ = {
			isa = XCConfigurationList;
			buildConfigurations = (
				8FD875251C76293800181FA6 /* Debug */,
				8FD875261C76293800181FA6 /* Release */,
			);
			defaultConfigurationIsVisible = 0;
			defaultConfigurationName = Release;
		};
/* End XCConfigurationList section */
	};
	rootObject = 8FD875041C76293800181FA6 /* Project object */;
}
