// !$*UTF8*$!
{
	archiveVersion = 1;
	classes = {
	};
	objectVersion = 46;
	objects = {

/* Begin PBXBuildFile section */
		8F33CEDA1D41F9F30085BD56 /* UIView+Hierarchy.swift in Sources */ = {isa = PBXBuildFile; fileRef = 8F33CED91D41F9F30085BD56 /* UIView+Hierarchy.swift */; };
		8F33CEDC1D41FA250085BD56 /* UISlider.swift in Sources */ = {isa = PBXBuildFile; fileRef = 8F33CEDB1D41FA250085BD56 /* UISlider.swift */; };
		8F33CEDE1D41FC0C0085BD56 /* UIView+Convenience.swift in Sources */ = {isa = PBXBuildFile; fileRef = 8F33CEDD1D41FC0C0085BD56 /* UIView+Convenience.swift */; };
		8F33CEE01D41FD1A0085BD56 /* UIView+Snapshot.swift in Sources */ = {isa = PBXBuildFile; fileRef = 8F33CEDF1D41FD1A0085BD56 /* UIView+Snapshot.swift */; };
		8F3C55AA1E542DED003EE70E /* CenteredCollectionViewFlowLayout.swift in Sources */ = {isa = PBXBuildFile; fileRef = 8F3C55A91E542DED003EE70E /* CenteredCollectionViewFlowLayout.swift */; };
		8F3C55AE1E543140003EE70E /* SubstitutionCollectionViewFlowLayout.swift in Sources */ = {isa = PBXBuildFile; fileRef = 8F3C55AD1E543140003EE70E /* SubstitutionCollectionViewFlowLayout.swift */; };
		8F3C55B01E5438D4003EE70E /* Centered.storyboard in Resources */ = {isa = PBXBuildFile; fileRef = 8F3C55AF1E5438D4003EE70E /* Centered.storyboard */; };
		8F3C55B21E543908003EE70E /* CenteredCollectionViewController.swift in Sources */ = {isa = PBXBuildFile; fileRef = 8F3C55B11E543908003EE70E /* CenteredCollectionViewController.swift */; };
		8F3C55B41E547E4B003EE70E /* InfiniteScrollView.swift in Sources */ = {isa = PBXBuildFile; fileRef = 8F3C55B31E547E4B003EE70E /* InfiniteScrollView.swift */; };
		8F3C55B61E548505003EE70E /* Infinite.storyboard in Resources */ = {isa = PBXBuildFile; fileRef = 8F3C55B51E548505003EE70E /* Infinite.storyboard */; };
		8F3C55C41E55BD7D003EE70E /* CollectionViewGridLayout.swift in Sources */ = {isa = PBXBuildFile; fileRef = 8F3C55C31E55BD7D003EE70E /* CollectionViewGridLayout.swift */; };
		8F3C55C61E55CB60003EE70E /* Grid.storyboard in Resources */ = {isa = PBXBuildFile; fileRef = 8F3C55C51E55CB60003EE70E /* Grid.storyboard */; };
		8F3C55C81E55CB7B003EE70E /* GridCollectionViewController.swift in Sources */ = {isa = PBXBuildFile; fileRef = 8F3C55C71E55CB7B003EE70E /* GridCollectionViewController.swift */; };
		8F3C55CA1E55D333003EE70E /* CollectionViewTimelineLayout.swift in Sources */ = {isa = PBXBuildFile; fileRef = 8F3C55C91E55D333003EE70E /* CollectionViewTimelineLayout.swift */; };
		8F3C55CC1E55FFD5003EE70E /* Timeline.storyboard in Resources */ = {isa = PBXBuildFile; fileRef = 8F3C55CB1E55FFD4003EE70E /* Timeline.storyboard */; };
		8F3C55CE1E55FFE0003EE70E /* TimelineCollectionViewController.swift in Sources */ = {isa = PBXBuildFile; fileRef = 8F3C55CD1E55FFE0003EE70E /* TimelineCollectionViewController.swift */; };
		8F55D79E1D4B5E7B00E58FBB /* UIView+Color.swift in Sources */ = {isa = PBXBuildFile; fileRef = 8F55D79D1D4B5E7B00E58FBB /* UIView+Color.swift */; };
		8F55D7C31D4D4F1700E58FBB /* UIView+Size.swift in Sources */ = {isa = PBXBuildFile; fileRef = 8F55D7C21D4D4F1700E58FBB /* UIView+Size.swift */; };
		8F55D7C91D4F3C5A00E58FBB /* UIView+Drag.swift in Sources */ = {isa = PBXBuildFile; fileRef = 8F55D7C81D4F3C5A00E58FBB /* UIView+Drag.swift */; };
		8F55D7CC1D4F8AC100E58FBB /* Dragging.storyboard in Resources */ = {isa = PBXBuildFile; fileRef = 8F55D7CB1D4F8AC100E58FBB /* Dragging.storyboard */; };
		8F55D7CE1D4F8AD500E58FBB /* DraggingViewController.swift in Sources */ = {isa = PBXBuildFile; fileRef = 8F55D7CD1D4F8AD500E58FBB /* DraggingViewController.swift */; };
		8F55D7D71D50A0D600E58FBB /* UINavigationViewController.swift in Sources */ = {isa = PBXBuildFile; fileRef = 8F55D7D61D50A0D600E58FBB /* UINavigationViewController.swift */; };
		8F55D7D91D50A55200E58FBB /* RearrangableView.swift in Sources */ = {isa = PBXBuildFile; fileRef = 8F55D7D81D50A55200E58FBB /* RearrangableView.swift */; };
		8F7153361FCB63EF00793173 /* Arithmetic.framework in Frameworks */ = {isa = PBXBuildFile; fileRef = 8F7153331FCB63EE00793173 /* Arithmetic.framework */; };
		8F7153371FCB63EF00793173 /* Collections.framework in Frameworks */ = {isa = PBXBuildFile; fileRef = 8F7153341FCB63EE00793173 /* Collections.framework */; };
		8F7153381FCB63EF00793173 /* Graphics.framework in Frameworks */ = {isa = PBXBuildFile; fileRef = 8F7153351FCB63EE00793173 /* Graphics.framework */; };
		8F7153391FCB63FA00793173 /* Arithmetic.framework in Frameworks */ = {isa = PBXBuildFile; fileRef = 8F7153331FCB63EE00793173 /* Arithmetic.framework */; };
		8F71533A1FCB63FA00793173 /* Arithmetic.framework in Embed Frameworks */ = {isa = PBXBuildFile; fileRef = 8F7153331FCB63EE00793173 /* Arithmetic.framework */; settings = {ATTRIBUTES = (CodeSignOnCopy, RemoveHeadersOnCopy, ); }; };
		8F71533B1FCB63FA00793173 /* Collections.framework in Frameworks */ = {isa = PBXBuildFile; fileRef = 8F7153341FCB63EE00793173 /* Collections.framework */; };
		8F71533C1FCB63FA00793173 /* Collections.framework in Embed Frameworks */ = {isa = PBXBuildFile; fileRef = 8F7153341FCB63EE00793173 /* Collections.framework */; settings = {ATTRIBUTES = (CodeSignOnCopy, RemoveHeadersOnCopy, ); }; };
		8F71533D1FCB63FA00793173 /* Graphics.framework in Frameworks */ = {isa = PBXBuildFile; fileRef = 8F7153351FCB63EE00793173 /* Graphics.framework */; };
		8F71533E1FCB63FA00793173 /* Graphics.framework in Embed Frameworks */ = {isa = PBXBuildFile; fileRef = 8F7153351FCB63EE00793173 /* Graphics.framework */; settings = {ATTRIBUTES = (CodeSignOnCopy, RemoveHeadersOnCopy, ); }; };
		8F71536C1FCDF1EB00793173 /* UserInterfaceTests.swift in Sources */ = {isa = PBXBuildFile; fileRef = 8F71536B1FCDF1EB00793173 /* UserInterfaceTests.swift */; };
		8F71536E1FCDF1EB00793173 /* UserInterface.framework in Frameworks */ = {isa = PBXBuildFile; fileRef = 8FD8750D1C76293800181FA6 /* UserInterface.framework */; };
		8F79390A1D1BF02E002FFAD1 /* ManagedCollectionViewController.swift in Sources */ = {isa = PBXBuildFile; fileRef = 8F7939091D1BF02E002FFAD1 /* ManagedCollectionViewController.swift */; };
		8F91BA341C844427004CBDB9 /* Cartfile in Resources */ = {isa = PBXBuildFile; fileRef = 8F91BA331C844427004CBDB9 /* Cartfile */; };
		8FA50D7D1CAD287C005D28B6 /* CellsView.swift in Sources */ = {isa = PBXBuildFile; fileRef = 8FA50D7C1CAD287C005D28B6 /* CellsView.swift */; };
		8FA50D851CAD2CFE005D28B6 /* AppDelegate.swift in Sources */ = {isa = PBXBuildFile; fileRef = 8FA50D841CAD2CFE005D28B6 /* AppDelegate.swift */; };
		8FA50D871CAD2CFE005D28B6 /* ViewController.swift in Sources */ = {isa = PBXBuildFile; fileRef = 8FA50D861CAD2CFE005D28B6 /* ViewController.swift */; };
		8FA50D8A1CAD2CFE005D28B6 /* Main.storyboard in Resources */ = {isa = PBXBuildFile; fileRef = 8FA50D881CAD2CFE005D28B6 /* Main.storyboard */; };
		8FA50D8C1CAD2CFE005D28B6 /* Assets.xcassets in Resources */ = {isa = PBXBuildFile; fileRef = 8FA50D8B1CAD2CFE005D28B6 /* Assets.xcassets */; };
		8FA50D8F1CAD2CFE005D28B6 /* LaunchScreen.storyboard in Resources */ = {isa = PBXBuildFile; fileRef = 8FA50D8D1CAD2CFE005D28B6 /* LaunchScreen.storyboard */; };
		8FA50D941CAD3046005D28B6 /* UserInterface.framework in Frameworks */ = {isa = PBXBuildFile; fileRef = 8FD8750D1C76293800181FA6 /* UserInterface.framework */; };
		8FA50D951CAD3046005D28B6 /* UserInterface.framework in Embed Frameworks */ = {isa = PBXBuildFile; fileRef = 8FD8750D1C76293800181FA6 /* UserInterface.framework */; settings = {ATTRIBUTES = (CodeSignOnCopy, RemoveHeadersOnCopy, ); }; };
		8FB2E0171DC88702009036E9 /* UIViewController+Hierarchy.swift in Sources */ = {isa = PBXBuildFile; fileRef = 8FB2E0161DC88702009036E9 /* UIViewController+Hierarchy.swift */; };
		8FB2E01D1DC89A60009036E9 /* UICollectionView+Refresh.swift in Sources */ = {isa = PBXBuildFile; fileRef = 8FB2E01C1DC89A60009036E9 /* UICollectionView+Refresh.swift */; };
		8FB2E01F1DC89AB4009036E9 /* UICollectionView+Paths.swift in Sources */ = {isa = PBXBuildFile; fileRef = 8FB2E01E1DC89AB4009036E9 /* UICollectionView+Paths.swift */; };
		8FB2E0211DC89B26009036E9 /* UIView+Cover.swift in Sources */ = {isa = PBXBuildFile; fileRef = 8FB2E0201DC89B26009036E9 /* UIView+Cover.swift */; };
		8FB2E0231DC89C1B009036E9 /* PaginationCollectionViewFlowLayout.swift in Sources */ = {isa = PBXBuildFile; fileRef = 8FB2E0221DC89C1B009036E9 /* PaginationCollectionViewFlowLayout.swift */; };
		8FB2E0251DC89E63009036E9 /* UICollectionViewController+FlowLayout.swift in Sources */ = {isa = PBXBuildFile; fileRef = 8FB2E0241DC89E63009036E9 /* UICollectionViewController+FlowLayout.swift */; };
		8FB2E0271DC8A0FC009036E9 /* LERPCollectionViewLayout.swift in Sources */ = {isa = PBXBuildFile; fileRef = 8FB2E0261DC8A0FC009036E9 /* LERPCollectionViewLayout.swift */; };
		8FD875111C76293800181FA6 /* UserInterface.h in Headers */ = {isa = PBXBuildFile; fileRef = 8FD875101C76293800181FA6 /* UserInterface.h */; settings = {ATTRIBUTES = (Public, ); }; };
		8FD8753A1C76295900181FA6 /* UIActivityIndicatorView.swift in Sources */ = {isa = PBXBuildFile; fileRef = 8FD875271C76295900181FA6 /* UIActivityIndicatorView.swift */; };
		8FD8753B1C76295900181FA6 /* UIApplication.swift in Sources */ = {isa = PBXBuildFile; fileRef = 8FD875281C76295900181FA6 /* UIApplication.swift */; };
		8FD8753C1C76295900181FA6 /* UIButton.swift in Sources */ = {isa = PBXBuildFile; fileRef = 8FD875291C76295900181FA6 /* UIButton.swift */; };
		8FD8753D1C76295900181FA6 /* UICollectionView.swift in Sources */ = {isa = PBXBuildFile; fileRef = 8FD8752A1C76295900181FA6 /* UICollectionView.swift */; };
		8FD8753E1C76295900181FA6 /* UIColor.swift in Sources */ = {isa = PBXBuildFile; fileRef = 8FD8752B1C76295900181FA6 /* UIColor.swift */; };
		8FD8753F1C76295900181FA6 /* UIDatePicker.swift in Sources */ = {isa = PBXBuildFile; fileRef = 8FD8752C1C76295900181FA6 /* UIDatePicker.swift */; };
		8FD875401C76295900181FA6 /* UIEdgeInsets.swift in Sources */ = {isa = PBXBuildFile; fileRef = 8FD8752D1C76295900181FA6 /* UIEdgeInsets.swift */; };
		8FD875411C76295900181FA6 /* UIFont.swift in Sources */ = {isa = PBXBuildFile; fileRef = 8FD8752E1C76295900181FA6 /* UIFont.swift */; };
		8FD875431C76295900181FA6 /* UIKitLocalizedString.swift in Sources */ = {isa = PBXBuildFile; fileRef = 8FD875301C76295900181FA6 /* UIKitLocalizedString.swift */; };
		8FD875441C76295900181FA6 /* UILabel.swift in Sources */ = {isa = PBXBuildFile; fileRef = 8FD875311C76295900181FA6 /* UILabel.swift */; };
		8FD875451C76295900181FA6 /* UILayoutConstraintAxis.swift in Sources */ = {isa = PBXBuildFile; fileRef = 8FD875321C76295900181FA6 /* UILayoutConstraintAxis.swift */; };
		8FD875461C76295900181FA6 /* UINavigationBar.swift in Sources */ = {isa = PBXBuildFile; fileRef = 8FD875331C76295900181FA6 /* UINavigationBar.swift */; };
		8FD875471C76295900181FA6 /* UIPickerView.swift in Sources */ = {isa = PBXBuildFile; fileRef = 8FD875341C76295900181FA6 /* UIPickerView.swift */; };
		8FD875481C76295900181FA6 /* UITableView.swift in Sources */ = {isa = PBXBuildFile; fileRef = 8FD875351C76295900181FA6 /* UITableView.swift */; };
		8FD875491C76295900181FA6 /* UITextView.swift in Sources */ = {isa = PBXBuildFile; fileRef = 8FD875361C76295900181FA6 /* UITextView.swift */; };
		8FD8754A1C76295900181FA6 /* UIView.swift in Sources */ = {isa = PBXBuildFile; fileRef = 8FD875371C76295900181FA6 /* UIView.swift */; };
		8FD8754B1C76295900181FA6 /* UIViewController.swift in Sources */ = {isa = PBXBuildFile; fileRef = 8FD875381C76295900181FA6 /* UIViewController.swift */; };
		8FD8754C1C76295900181FA6 /* UIBezierPath.swift in Sources */ = {isa = PBXBuildFile; fileRef = 8FD875391C76295900181FA6 /* UIBezierPath.swift */; };
		8FD875CC1C762C2900181FA6 /* Error.swift in Sources */ = {isa = PBXBuildFile; fileRef = 8FD875CB1C762C2900181FA6 /* Error.swift */; };
		8FECC7731E5C49CB00F7F771 /* Picker.storyboard in Resources */ = {isa = PBXBuildFile; fileRef = 8FECC7721E5C49CB00F7F771 /* Picker.storyboard */; };
		8FECC7751E5C4A0A00F7F771 /* PickerViewController.swift in Sources */ = {isa = PBXBuildFile; fileRef = 8FECC7741E5C4A0A00F7F771 /* PickerViewController.swift */; };
		8FECC8361E6061F300F7F771 /* UIView+Circle.swift in Sources */ = {isa = PBXBuildFile; fileRef = 8FECC8351E6061F300F7F771 /* UIView+Circle.swift */; };
		8FF3764E1FCB5FBE0007D9C6 /* Animation.framework in Frameworks */ = {isa = PBXBuildFile; fileRef = 8FF376481FCB5FBD0007D9C6 /* Animation.framework */; };
		8FF3764F1FCB5FBE0007D9C6 /* Fuzzy.framework in Frameworks */ = {isa = PBXBuildFile; fileRef = 8FF376491FCB5FBD0007D9C6 /* Fuzzy.framework */; };
		8FF376501FCB5FBE0007D9C6 /* Interpolation.framework in Frameworks */ = {isa = PBXBuildFile; fileRef = 8FF3764A1FCB5FBD0007D9C6 /* Interpolation.framework */; };
		8FF376511FCB5FBE0007D9C6 /* Rounding.framework in Frameworks */ = {isa = PBXBuildFile; fileRef = 8FF3764B1FCB5FBD0007D9C6 /* Rounding.framework */; };
		8FF376521FCB5FBE0007D9C6 /* Easing.framework in Frameworks */ = {isa = PBXBuildFile; fileRef = 8FF3764C1FCB5FBE0007D9C6 /* Easing.framework */; };
		8FF376531FCB5FBE0007D9C6 /* Shadow.framework in Frameworks */ = {isa = PBXBuildFile; fileRef = 8FF3764D1FCB5FBE0007D9C6 /* Shadow.framework */; };
		8FF376541FCB600C0007D9C6 /* Animation.framework in Frameworks */ = {isa = PBXBuildFile; fileRef = 8FF376481FCB5FBD0007D9C6 /* Animation.framework */; };
		8FF376551FCB600C0007D9C6 /* Animation.framework in Embed Frameworks */ = {isa = PBXBuildFile; fileRef = 8FF376481FCB5FBD0007D9C6 /* Animation.framework */; settings = {ATTRIBUTES = (CodeSignOnCopy, RemoveHeadersOnCopy, ); }; };
		8FF376561FCB600C0007D9C6 /* Easing.framework in Frameworks */ = {isa = PBXBuildFile; fileRef = 8FF3764C1FCB5FBE0007D9C6 /* Easing.framework */; };
		8FF376571FCB600C0007D9C6 /* Easing.framework in Embed Frameworks */ = {isa = PBXBuildFile; fileRef = 8FF3764C1FCB5FBE0007D9C6 /* Easing.framework */; settings = {ATTRIBUTES = (CodeSignOnCopy, RemoveHeadersOnCopy, ); }; };
		8FF376581FCB600C0007D9C6 /* Fuzzy.framework in Frameworks */ = {isa = PBXBuildFile; fileRef = 8FF376491FCB5FBD0007D9C6 /* Fuzzy.framework */; };
		8FF376591FCB600C0007D9C6 /* Fuzzy.framework in Embed Frameworks */ = {isa = PBXBuildFile; fileRef = 8FF376491FCB5FBD0007D9C6 /* Fuzzy.framework */; settings = {ATTRIBUTES = (CodeSignOnCopy, RemoveHeadersOnCopy, ); }; };
		8FF3765A1FCB600C0007D9C6 /* Interpolation.framework in Frameworks */ = {isa = PBXBuildFile; fileRef = 8FF3764A1FCB5FBD0007D9C6 /* Interpolation.framework */; };
		8FF3765B1FCB600C0007D9C6 /* Interpolation.framework in Embed Frameworks */ = {isa = PBXBuildFile; fileRef = 8FF3764A1FCB5FBD0007D9C6 /* Interpolation.framework */; settings = {ATTRIBUTES = (CodeSignOnCopy, RemoveHeadersOnCopy, ); }; };
		8FF3765C1FCB600C0007D9C6 /* Rounding.framework in Frameworks */ = {isa = PBXBuildFile; fileRef = 8FF3764B1FCB5FBD0007D9C6 /* Rounding.framework */; };
		8FF3765D1FCB600C0007D9C6 /* Rounding.framework in Embed Frameworks */ = {isa = PBXBuildFile; fileRef = 8FF3764B1FCB5FBD0007D9C6 /* Rounding.framework */; settings = {ATTRIBUTES = (CodeSignOnCopy, RemoveHeadersOnCopy, ); }; };
		8FF3765E1FCB600C0007D9C6 /* Shadow.framework in Frameworks */ = {isa = PBXBuildFile; fileRef = 8FF3764D1FCB5FBE0007D9C6 /* Shadow.framework */; };
		8FF3765F1FCB600C0007D9C6 /* Shadow.framework in Embed Frameworks */ = {isa = PBXBuildFile; fileRef = 8FF3764D1FCB5FBE0007D9C6 /* Shadow.framework */; settings = {ATTRIBUTES = (CodeSignOnCopy, RemoveHeadersOnCopy, ); }; };
		8FFD923E1D50A9B400288972 /* RearrangableViewDelegate.swift in Sources */ = {isa = PBXBuildFile; fileRef = 8FFD923D1D50A9B400288972 /* RearrangableViewDelegate.swift */; };
		8FFD92421D50B6D800288972 /* Rearrange.storyboard in Resources */ = {isa = PBXBuildFile; fileRef = 8FFD92411D50B6D800288972 /* Rearrange.storyboard */; };
		8FFD92441D50B74200288972 /* RearrangeViewController.swift in Sources */ = {isa = PBXBuildFile; fileRef = 8FFD92431D50B74200288972 /* RearrangeViewController.swift */; };
/* End PBXBuildFile section */

/* Begin PBXContainerItemProxy section */
		8F71536F1FCDF1EB00793173 /* PBXContainerItemProxy */ = {
			isa = PBXContainerItemProxy;
			containerPortal = 8FD875041C76293800181FA6 /* Project object */;
			proxyType = 1;
			remoteGlobalIDString = 8FD8750C1C76293800181FA6;
			remoteInfo = UserInterface;
		};
		8FA50D961CAD3046005D28B6 /* PBXContainerItemProxy */ = {
			isa = PBXContainerItemProxy;
			containerPortal = 8FD875041C76293800181FA6 /* Project object */;
			proxyType = 1;
			remoteGlobalIDString = 8FD8750C1C76293800181FA6;
			remoteInfo = UserInterface;
		};
/* End PBXContainerItemProxy section */

/* Begin PBXCopyFilesBuildPhase section */
		8FA50D981CAD3046005D28B6 /* Embed Frameworks */ = {
			isa = PBXCopyFilesBuildPhase;
			buildActionMask = 2147483647;
			dstPath = "";
			dstSubfolderSpec = 10;
			files = (
				8FF376591FCB600C0007D9C6 /* Fuzzy.framework in Embed Frameworks */,
				8FA50D951CAD3046005D28B6 /* UserInterface.framework in Embed Frameworks */,
				8F71533C1FCB63FA00793173 /* Collections.framework in Embed Frameworks */,
				8F71533A1FCB63FA00793173 /* Arithmetic.framework in Embed Frameworks */,
				8FF3765B1FCB600C0007D9C6 /* Interpolation.framework in Embed Frameworks */,
				8F71533E1FCB63FA00793173 /* Graphics.framework in Embed Frameworks */,
				8FF376571FCB600C0007D9C6 /* Easing.framework in Embed Frameworks */,
				8FF376551FCB600C0007D9C6 /* Animation.framework in Embed Frameworks */,
				8FF3765F1FCB600C0007D9C6 /* Shadow.framework in Embed Frameworks */,
				8FF3765D1FCB600C0007D9C6 /* Rounding.framework in Embed Frameworks */,
			);
			name = "Embed Frameworks";
			runOnlyForDeploymentPostprocessing = 0;
		};
/* End PBXCopyFilesBuildPhase section */

/* Begin PBXFileReference section */
		8F33CED91D41F9F30085BD56 /* UIView+Hierarchy.swift */ = {isa = PBXFileReference; fileEncoding = 4; lastKnownFileType = sourcecode.swift; path = "UIView+Hierarchy.swift"; sourceTree = "<group>"; };
		8F33CEDB1D41FA250085BD56 /* UISlider.swift */ = {isa = PBXFileReference; fileEncoding = 4; lastKnownFileType = sourcecode.swift; path = UISlider.swift; sourceTree = "<group>"; };
		8F33CEDD1D41FC0C0085BD56 /* UIView+Convenience.swift */ = {isa = PBXFileReference; fileEncoding = 4; lastKnownFileType = sourcecode.swift; path = "UIView+Convenience.swift"; sourceTree = "<group>"; };
		8F33CEDF1D41FD1A0085BD56 /* UIView+Snapshot.swift */ = {isa = PBXFileReference; fileEncoding = 4; lastKnownFileType = sourcecode.swift; path = "UIView+Snapshot.swift"; sourceTree = "<group>"; };
		8F3C55A91E542DED003EE70E /* CenteredCollectionViewFlowLayout.swift */ = {isa = PBXFileReference; fileEncoding = 4; lastKnownFileType = sourcecode.swift; path = CenteredCollectionViewFlowLayout.swift; sourceTree = "<group>"; };
		8F3C55AD1E543140003EE70E /* SubstitutionCollectionViewFlowLayout.swift */ = {isa = PBXFileReference; fileEncoding = 4; lastKnownFileType = sourcecode.swift; path = SubstitutionCollectionViewFlowLayout.swift; sourceTree = "<group>"; };
		8F3C55AF1E5438D4003EE70E /* Centered.storyboard */ = {isa = PBXFileReference; fileEncoding = 4; lastKnownFileType = file.storyboard; path = Centered.storyboard; sourceTree = "<group>"; };
		8F3C55B11E543908003EE70E /* CenteredCollectionViewController.swift */ = {isa = PBXFileReference; fileEncoding = 4; lastKnownFileType = sourcecode.swift; path = CenteredCollectionViewController.swift; sourceTree = "<group>"; };
		8F3C55B31E547E4B003EE70E /* InfiniteScrollView.swift */ = {isa = PBXFileReference; fileEncoding = 4; lastKnownFileType = sourcecode.swift; path = InfiniteScrollView.swift; sourceTree = "<group>"; };
		8F3C55B51E548505003EE70E /* Infinite.storyboard */ = {isa = PBXFileReference; fileEncoding = 4; lastKnownFileType = file.storyboard; path = Infinite.storyboard; sourceTree = "<group>"; };
		8F3C55C31E55BD7D003EE70E /* CollectionViewGridLayout.swift */ = {isa = PBXFileReference; fileEncoding = 4; lastKnownFileType = sourcecode.swift; path = CollectionViewGridLayout.swift; sourceTree = "<group>"; };
		8F3C55C51E55CB60003EE70E /* Grid.storyboard */ = {isa = PBXFileReference; fileEncoding = 4; lastKnownFileType = file.storyboard; path = Grid.storyboard; sourceTree = "<group>"; };
		8F3C55C71E55CB7B003EE70E /* GridCollectionViewController.swift */ = {isa = PBXFileReference; fileEncoding = 4; lastKnownFileType = sourcecode.swift; path = GridCollectionViewController.swift; sourceTree = "<group>"; };
		8F3C55C91E55D333003EE70E /* CollectionViewTimelineLayout.swift */ = {isa = PBXFileReference; fileEncoding = 4; lastKnownFileType = sourcecode.swift; path = CollectionViewTimelineLayout.swift; sourceTree = "<group>"; };
		8F3C55CB1E55FFD4003EE70E /* Timeline.storyboard */ = {isa = PBXFileReference; fileEncoding = 4; lastKnownFileType = file.storyboard; path = Timeline.storyboard; sourceTree = "<group>"; };
		8F3C55CD1E55FFE0003EE70E /* TimelineCollectionViewController.swift */ = {isa = PBXFileReference; fileEncoding = 4; lastKnownFileType = sourcecode.swift; path = TimelineCollectionViewController.swift; sourceTree = "<group>"; };
		8F55D79D1D4B5E7B00E58FBB /* UIView+Color.swift */ = {isa = PBXFileReference; fileEncoding = 4; lastKnownFileType = sourcecode.swift; path = "UIView+Color.swift"; sourceTree = "<group>"; };
		8F55D7C21D4D4F1700E58FBB /* UIView+Size.swift */ = {isa = PBXFileReference; fileEncoding = 4; lastKnownFileType = sourcecode.swift; path = "UIView+Size.swift"; sourceTree = "<group>"; };
		8F55D7C81D4F3C5A00E58FBB /* UIView+Drag.swift */ = {isa = PBXFileReference; fileEncoding = 4; lastKnownFileType = sourcecode.swift; path = "UIView+Drag.swift"; sourceTree = "<group>"; };
		8F55D7CB1D4F8AC100E58FBB /* Dragging.storyboard */ = {isa = PBXFileReference; fileEncoding = 4; lastKnownFileType = file.storyboard; path = Dragging.storyboard; sourceTree = "<group>"; };
		8F55D7CD1D4F8AD500E58FBB /* DraggingViewController.swift */ = {isa = PBXFileReference; fileEncoding = 4; lastKnownFileType = sourcecode.swift; path = DraggingViewController.swift; sourceTree = "<group>"; };
		8F55D7D61D50A0D600E58FBB /* UINavigationViewController.swift */ = {isa = PBXFileReference; fileEncoding = 4; lastKnownFileType = sourcecode.swift; path = UINavigationViewController.swift; sourceTree = "<group>"; };
		8F55D7D81D50A55200E58FBB /* RearrangableView.swift */ = {isa = PBXFileReference; fileEncoding = 4; lastKnownFileType = sourcecode.swift; path = RearrangableView.swift; sourceTree = "<group>"; };
		8F7153331FCB63EE00793173 /* Arithmetic.framework */ = {isa = PBXFileReference; lastKnownFileType = wrapper.framework; name = Arithmetic.framework; path = Carthage/Build/iOS/Arithmetic.framework; sourceTree = "<group>"; };
		8F7153341FCB63EE00793173 /* Collections.framework */ = {isa = PBXFileReference; lastKnownFileType = wrapper.framework; name = Collections.framework; path = Carthage/Build/iOS/Collections.framework; sourceTree = "<group>"; };
		8F7153351FCB63EE00793173 /* Graphics.framework */ = {isa = PBXFileReference; lastKnownFileType = wrapper.framework; name = Graphics.framework; path = Carthage/Build/iOS/Graphics.framework; sourceTree = "<group>"; };
		8F7153691FCDF1EB00793173 /* UserInterfaceTests.xctest */ = {isa = PBXFileReference; explicitFileType = wrapper.cfbundle; includeInIndex = 0; path = UserInterfaceTests.xctest; sourceTree = BUILT_PRODUCTS_DIR; };
		8F71536B1FCDF1EB00793173 /* UserInterfaceTests.swift */ = {isa = PBXFileReference; lastKnownFileType = sourcecode.swift; path = UserInterfaceTests.swift; sourceTree = "<group>"; };
		8F71536D1FCDF1EB00793173 /* Info.plist */ = {isa = PBXFileReference; lastKnownFileType = text.plist.xml; path = Info.plist; sourceTree = "<group>"; };
		8F7939091D1BF02E002FFAD1 /* ManagedCollectionViewController.swift */ = {isa = PBXFileReference; fileEncoding = 4; lastKnownFileType = sourcecode.swift; path = ManagedCollectionViewController.swift; sourceTree = "<group>"; };
		8F91BA331C844427004CBDB9 /* Cartfile */ = {isa = PBXFileReference; fileEncoding = 4; lastKnownFileType = text; path = Cartfile; sourceTree = "<group>"; };
		8FA50D7C1CAD287C005D28B6 /* CellsView.swift */ = {isa = PBXFileReference; fileEncoding = 4; lastKnownFileType = sourcecode.swift; path = CellsView.swift; sourceTree = "<group>"; };
		8FA50D821CAD2CFE005D28B6 /* UserInterfaceDemo.app */ = {isa = PBXFileReference; explicitFileType = wrapper.application; includeInIndex = 0; path = UserInterfaceDemo.app; sourceTree = BUILT_PRODUCTS_DIR; };
		8FA50D841CAD2CFE005D28B6 /* AppDelegate.swift */ = {isa = PBXFileReference; lastKnownFileType = sourcecode.swift; path = AppDelegate.swift; sourceTree = "<group>"; };
		8FA50D861CAD2CFE005D28B6 /* ViewController.swift */ = {isa = PBXFileReference; lastKnownFileType = sourcecode.swift; path = ViewController.swift; sourceTree = "<group>"; };
		8FA50D891CAD2CFE005D28B6 /* Base */ = {isa = PBXFileReference; lastKnownFileType = file.storyboard; name = Base; path = Base.lproj/Main.storyboard; sourceTree = "<group>"; };
		8FA50D8B1CAD2CFE005D28B6 /* Assets.xcassets */ = {isa = PBXFileReference; lastKnownFileType = folder.assetcatalog; path = Assets.xcassets; sourceTree = "<group>"; };
		8FA50D8E1CAD2CFE005D28B6 /* Base */ = {isa = PBXFileReference; lastKnownFileType = file.storyboard; name = Base; path = Base.lproj/LaunchScreen.storyboard; sourceTree = "<group>"; };
		8FA50D901CAD2CFE005D28B6 /* Info.plist */ = {isa = PBXFileReference; lastKnownFileType = text.plist.xml; path = Info.plist; sourceTree = "<group>"; };
		8FB2E0161DC88702009036E9 /* UIViewController+Hierarchy.swift */ = {isa = PBXFileReference; fileEncoding = 4; lastKnownFileType = sourcecode.swift; path = "UIViewController+Hierarchy.swift"; sourceTree = "<group>"; };
		8FB2E01C1DC89A60009036E9 /* UICollectionView+Refresh.swift */ = {isa = PBXFileReference; fileEncoding = 4; lastKnownFileType = sourcecode.swift; path = "UICollectionView+Refresh.swift"; sourceTree = "<group>"; };
		8FB2E01E1DC89AB4009036E9 /* UICollectionView+Paths.swift */ = {isa = PBXFileReference; fileEncoding = 4; lastKnownFileType = sourcecode.swift; path = "UICollectionView+Paths.swift"; sourceTree = "<group>"; };
		8FB2E0201DC89B26009036E9 /* UIView+Cover.swift */ = {isa = PBXFileReference; fileEncoding = 4; lastKnownFileType = sourcecode.swift; path = "UIView+Cover.swift"; sourceTree = "<group>"; };
		8FB2E0221DC89C1B009036E9 /* PaginationCollectionViewFlowLayout.swift */ = {isa = PBXFileReference; fileEncoding = 4; lastKnownFileType = sourcecode.swift; path = PaginationCollectionViewFlowLayout.swift; sourceTree = "<group>"; };
		8FB2E0241DC89E63009036E9 /* UICollectionViewController+FlowLayout.swift */ = {isa = PBXFileReference; fileEncoding = 4; lastKnownFileType = sourcecode.swift; path = "UICollectionViewController+FlowLayout.swift"; sourceTree = "<group>"; };
		8FB2E0261DC8A0FC009036E9 /* LERPCollectionViewLayout.swift */ = {isa = PBXFileReference; fileEncoding = 4; lastKnownFileType = sourcecode.swift; path = LERPCollectionViewLayout.swift; sourceTree = "<group>"; };
		8FD8750D1C76293800181FA6 /* UserInterface.framework */ = {isa = PBXFileReference; explicitFileType = wrapper.framework; includeInIndex = 0; path = UserInterface.framework; sourceTree = BUILT_PRODUCTS_DIR; };
		8FD875101C76293800181FA6 /* UserInterface.h */ = {isa = PBXFileReference; lastKnownFileType = sourcecode.c.h; path = UserInterface.h; sourceTree = "<group>"; };
		8FD875121C76293800181FA6 /* Info.plist */ = {isa = PBXFileReference; lastKnownFileType = text.plist.xml; path = Info.plist; sourceTree = "<group>"; };
		8FD875271C76295900181FA6 /* UIActivityIndicatorView.swift */ = {isa = PBXFileReference; fileEncoding = 4; lastKnownFileType = sourcecode.swift; path = UIActivityIndicatorView.swift; sourceTree = "<group>"; };
		8FD875281C76295900181FA6 /* UIApplication.swift */ = {isa = PBXFileReference; fileEncoding = 4; lastKnownFileType = sourcecode.swift; path = UIApplication.swift; sourceTree = "<group>"; };
		8FD875291C76295900181FA6 /* UIButton.swift */ = {isa = PBXFileReference; fileEncoding = 4; lastKnownFileType = sourcecode.swift; path = UIButton.swift; sourceTree = "<group>"; };
		8FD8752A1C76295900181FA6 /* UICollectionView.swift */ = {isa = PBXFileReference; fileEncoding = 4; lastKnownFileType = sourcecode.swift; path = UICollectionView.swift; sourceTree = "<group>"; };
		8FD8752B1C76295900181FA6 /* UIColor.swift */ = {isa = PBXFileReference; fileEncoding = 4; lastKnownFileType = sourcecode.swift; path = UIColor.swift; sourceTree = "<group>"; };
		8FD8752C1C76295900181FA6 /* UIDatePicker.swift */ = {isa = PBXFileReference; fileEncoding = 4; lastKnownFileType = sourcecode.swift; path = UIDatePicker.swift; sourceTree = "<group>"; };
		8FD8752D1C76295900181FA6 /* UIEdgeInsets.swift */ = {isa = PBXFileReference; fileEncoding = 4; lastKnownFileType = sourcecode.swift; path = UIEdgeInsets.swift; sourceTree = "<group>"; };
		8FD8752E1C76295900181FA6 /* UIFont.swift */ = {isa = PBXFileReference; fileEncoding = 4; lastKnownFileType = sourcecode.swift; path = UIFont.swift; sourceTree = "<group>"; };
		8FD875301C76295900181FA6 /* UIKitLocalizedString.swift */ = {isa = PBXFileReference; fileEncoding = 4; lastKnownFileType = sourcecode.swift; path = UIKitLocalizedString.swift; sourceTree = "<group>"; };
		8FD875311C76295900181FA6 /* UILabel.swift */ = {isa = PBXFileReference; fileEncoding = 4; lastKnownFileType = sourcecode.swift; path = UILabel.swift; sourceTree = "<group>"; };
		8FD875321C76295900181FA6 /* UILayoutConstraintAxis.swift */ = {isa = PBXFileReference; fileEncoding = 4; lastKnownFileType = sourcecode.swift; path = UILayoutConstraintAxis.swift; sourceTree = "<group>"; };
		8FD875331C76295900181FA6 /* UINavigationBar.swift */ = {isa = PBXFileReference; fileEncoding = 4; lastKnownFileType = sourcecode.swift; path = UINavigationBar.swift; sourceTree = "<group>"; };
		8FD875341C76295900181FA6 /* UIPickerView.swift */ = {isa = PBXFileReference; fileEncoding = 4; lastKnownFileType = sourcecode.swift; path = UIPickerView.swift; sourceTree = "<group>"; };
		8FD875351C76295900181FA6 /* UITableView.swift */ = {isa = PBXFileReference; fileEncoding = 4; lastKnownFileType = sourcecode.swift; path = UITableView.swift; sourceTree = "<group>"; };
		8FD875361C76295900181FA6 /* UITextView.swift */ = {isa = PBXFileReference; fileEncoding = 4; lastKnownFileType = sourcecode.swift; path = UITextView.swift; sourceTree = "<group>"; };
		8FD875371C76295900181FA6 /* UIView.swift */ = {isa = PBXFileReference; fileEncoding = 4; lastKnownFileType = sourcecode.swift; path = UIView.swift; sourceTree = "<group>"; };
		8FD875381C76295900181FA6 /* UIViewController.swift */ = {isa = PBXFileReference; fileEncoding = 4; lastKnownFileType = sourcecode.swift; path = UIViewController.swift; sourceTree = "<group>"; };
		8FD875391C76295900181FA6 /* UIBezierPath.swift */ = {isa = PBXFileReference; fileEncoding = 4; lastKnownFileType = sourcecode.swift; path = UIBezierPath.swift; sourceTree = "<group>"; };
		8FD875CB1C762C2900181FA6 /* Error.swift */ = {isa = PBXFileReference; fileEncoding = 4; lastKnownFileType = sourcecode.swift; path = Error.swift; sourceTree = "<group>"; };
		8FECC7721E5C49CB00F7F771 /* Picker.storyboard */ = {isa = PBXFileReference; fileEncoding = 4; lastKnownFileType = file.storyboard; path = Picker.storyboard; sourceTree = "<group>"; };
		8FECC7741E5C4A0A00F7F771 /* PickerViewController.swift */ = {isa = PBXFileReference; fileEncoding = 4; lastKnownFileType = sourcecode.swift; path = PickerViewController.swift; sourceTree = "<group>"; };
		8FECC8351E6061F300F7F771 /* UIView+Circle.swift */ = {isa = PBXFileReference; fileEncoding = 4; lastKnownFileType = sourcecode.swift; path = "UIView+Circle.swift"; sourceTree = "<group>"; };
		8FF376481FCB5FBD0007D9C6 /* Animation.framework */ = {isa = PBXFileReference; lastKnownFileType = wrapper.framework; name = Animation.framework; path = Carthage/Build/iOS/Animation.framework; sourceTree = "<group>"; };
		8FF376491FCB5FBD0007D9C6 /* Fuzzy.framework */ = {isa = PBXFileReference; lastKnownFileType = wrapper.framework; name = Fuzzy.framework; path = Carthage/Build/iOS/Fuzzy.framework; sourceTree = "<group>"; };
		8FF3764A1FCB5FBD0007D9C6 /* Interpolation.framework */ = {isa = PBXFileReference; lastKnownFileType = wrapper.framework; name = Interpolation.framework; path = Carthage/Build/iOS/Interpolation.framework; sourceTree = "<group>"; };
		8FF3764B1FCB5FBD0007D9C6 /* Rounding.framework */ = {isa = PBXFileReference; lastKnownFileType = wrapper.framework; name = Rounding.framework; path = Carthage/Build/iOS/Rounding.framework; sourceTree = "<group>"; };
		8FF3764C1FCB5FBE0007D9C6 /* Easing.framework */ = {isa = PBXFileReference; lastKnownFileType = wrapper.framework; name = Easing.framework; path = Carthage/Build/iOS/Easing.framework; sourceTree = "<group>"; };
		8FF3764D1FCB5FBE0007D9C6 /* Shadow.framework */ = {isa = PBXFileReference; lastKnownFileType = wrapper.framework; name = Shadow.framework; path = Carthage/Build/iOS/Shadow.framework; sourceTree = "<group>"; };
		8FFD923D1D50A9B400288972 /* RearrangableViewDelegate.swift */ = {isa = PBXFileReference; fileEncoding = 4; lastKnownFileType = sourcecode.swift; path = RearrangableViewDelegate.swift; sourceTree = "<group>"; };
		8FFD92411D50B6D800288972 /* Rearrange.storyboard */ = {isa = PBXFileReference; fileEncoding = 4; lastKnownFileType = file.storyboard; path = Rearrange.storyboard; sourceTree = "<group>"; };
		8FFD92431D50B74200288972 /* RearrangeViewController.swift */ = {isa = PBXFileReference; fileEncoding = 4; lastKnownFileType = sourcecode.swift; path = RearrangeViewController.swift; sourceTree = "<group>"; };
/* End PBXFileReference section */

/* Begin PBXFrameworksBuildPhase section */
		8F7153661FCDF1EB00793173 /* Frameworks */ = {
			isa = PBXFrameworksBuildPhase;
			buildActionMask = 2147483647;
			files = (
				8F71536E1FCDF1EB00793173 /* UserInterface.framework in Frameworks */,
			);
			runOnlyForDeploymentPostprocessing = 0;
		};
		8FA50D7F1CAD2CFE005D28B6 /* Frameworks */ = {
			isa = PBXFrameworksBuildPhase;
			buildActionMask = 2147483647;
			files = (
				8FF376581FCB600C0007D9C6 /* Fuzzy.framework in Frameworks */,
				8FA50D941CAD3046005D28B6 /* UserInterface.framework in Frameworks */,
				8F71533B1FCB63FA00793173 /* Collections.framework in Frameworks */,
				8F7153391FCB63FA00793173 /* Arithmetic.framework in Frameworks */,
				8FF3765A1FCB600C0007D9C6 /* Interpolation.framework in Frameworks */,
				8F71533D1FCB63FA00793173 /* Graphics.framework in Frameworks */,
				8FF376561FCB600C0007D9C6 /* Easing.framework in Frameworks */,
				8FF376541FCB600C0007D9C6 /* Animation.framework in Frameworks */,
				8FF3765E1FCB600C0007D9C6 /* Shadow.framework in Frameworks */,
				8FF3765C1FCB600C0007D9C6 /* Rounding.framework in Frameworks */,
			);
			runOnlyForDeploymentPostprocessing = 0;
		};
		8FD875091C76293800181FA6 /* Frameworks */ = {
			isa = PBXFrameworksBuildPhase;
			buildActionMask = 2147483647;
			files = (
				8F7153361FCB63EF00793173 /* Arithmetic.framework in Frameworks */,
				8F7153371FCB63EF00793173 /* Collections.framework in Frameworks */,
				8F7153381FCB63EF00793173 /* Graphics.framework in Frameworks */,
				8FF3764E1FCB5FBE0007D9C6 /* Animation.framework in Frameworks */,
				8FF3764F1FCB5FBE0007D9C6 /* Fuzzy.framework in Frameworks */,
				8FF376501FCB5FBE0007D9C6 /* Interpolation.framework in Frameworks */,
				8FF376511FCB5FBE0007D9C6 /* Rounding.framework in Frameworks */,
				8FF376521FCB5FBE0007D9C6 /* Easing.framework in Frameworks */,
				8FF376531FCB5FBE0007D9C6 /* Shadow.framework in Frameworks */,
			);
			runOnlyForDeploymentPostprocessing = 0;
		};
/* End PBXFrameworksBuildPhase section */

/* Begin PBXGroup section */
		8F71536A1FCDF1EB00793173 /* UserInterfaceTests */ = {
			isa = PBXGroup;
			children = (
				8F71536B1FCDF1EB00793173 /* UserInterfaceTests.swift */,
				8F71536D1FCDF1EB00793173 /* Info.plist */,
			);
			path = UserInterfaceTests;
			sourceTree = "<group>";
		};
		8FA50D831CAD2CFE005D28B6 /* UserInterfaceDemo */ = {
			isa = PBXGroup;
			children = (
				8FA50D841CAD2CFE005D28B6 /* AppDelegate.swift */,
				8FA50D861CAD2CFE005D28B6 /* ViewController.swift */,
				8FA50D881CAD2CFE005D28B6 /* Main.storyboard */,
				8F55D7CB1D4F8AC100E58FBB /* Dragging.storyboard */,
				8F55D7CD1D4F8AD500E58FBB /* DraggingViewController.swift */,
				8FFD92411D50B6D800288972 /* Rearrange.storyboard */,
				8FFD92431D50B74200288972 /* RearrangeViewController.swift */,
				8F3C55C51E55CB60003EE70E /* Grid.storyboard */,
				8F3C55C71E55CB7B003EE70E /* GridCollectionViewController.swift */,
				8FA50D8B1CAD2CFE005D28B6 /* Assets.xcassets */,
				8F3C55AF1E5438D4003EE70E /* Centered.storyboard */,
				8F3C55B11E543908003EE70E /* CenteredCollectionViewController.swift */,
				8F3C55B51E548505003EE70E /* Infinite.storyboard */,
				8F3C55CB1E55FFD4003EE70E /* Timeline.storyboard */,
				8F3C55CD1E55FFE0003EE70E /* TimelineCollectionViewController.swift */,
				8FECC7721E5C49CB00F7F771 /* Picker.storyboard */,
				8FECC7741E5C4A0A00F7F771 /* PickerViewController.swift */,
				8FA50D8D1CAD2CFE005D28B6 /* LaunchScreen.storyboard */,
				8FA50D901CAD2CFE005D28B6 /* Info.plist */,
			);
			path = UserInterfaceDemo;
			sourceTree = "<group>";
		};
		8FD875031C76293800181FA6 = {
			isa = PBXGroup;
			children = (
				8F91BA331C844427004CBDB9 /* Cartfile */,
				8FD8750F1C76293800181FA6 /* UserInterface */,
				8FA50D831CAD2CFE005D28B6 /* UserInterfaceDemo */,
				8F71536A1FCDF1EB00793173 /* UserInterfaceTests */,
				8FD8750E1C76293800181FA6 /* Products */,
				8FF376471FCB5FBC0007D9C6 /* Frameworks */,
			);
			sourceTree = "<group>";
		};
		8FD8750E1C76293800181FA6 /* Products */ = {
			isa = PBXGroup;
			children = (
				8FD8750D1C76293800181FA6 /* UserInterface.framework */,
				8FA50D821CAD2CFE005D28B6 /* UserInterfaceDemo.app */,
				8F7153691FCDF1EB00793173 /* UserInterfaceTests.xctest */,
			);
			name = Products;
			sourceTree = "<group>";
		};
		8FD8750F1C76293800181FA6 /* UserInterface */ = {
			isa = PBXGroup;
			children = (
				8FA50D7C1CAD287C005D28B6 /* CellsView.swift */,
				8F3C55A91E542DED003EE70E /* CenteredCollectionViewFlowLayout.swift */,
				8F3C55C31E55BD7D003EE70E /* CollectionViewGridLayout.swift */,
				8F3C55C91E55D333003EE70E /* CollectionViewTimelineLayout.swift */,
				8FD875CB1C762C2900181FA6 /* Error.swift */,
				8F3C55B31E547E4B003EE70E /* InfiniteScrollView.swift */,
				8FD875121C76293800181FA6 /* Info.plist */,
				8FB2E0261DC8A0FC009036E9 /* LERPCollectionViewLayout.swift */,
				8F7939091D1BF02E002FFAD1 /* ManagedCollectionViewController.swift */,
				8FB2E0221DC89C1B009036E9 /* PaginationCollectionViewFlowLayout.swift */,
				8F55D7D81D50A55200E58FBB /* RearrangableView.swift */,
				8FFD923D1D50A9B400288972 /* RearrangableViewDelegate.swift */,
				8F3C55AD1E543140003EE70E /* SubstitutionCollectionViewFlowLayout.swift */,
				8FD875271C76295900181FA6 /* UIActivityIndicatorView.swift */,
				8FD875281C76295900181FA6 /* UIApplication.swift */,
				8FD875391C76295900181FA6 /* UIBezierPath.swift */,
				8FD875291C76295900181FA6 /* UIButton.swift */,
				8FD8752A1C76295900181FA6 /* UICollectionView.swift */,
				8FB2E01E1DC89AB4009036E9 /* UICollectionView+Paths.swift */,
				8FB2E01C1DC89A60009036E9 /* UICollectionView+Refresh.swift */,
				8FB2E0241DC89E63009036E9 /* UICollectionViewController+FlowLayout.swift */,
				8FD8752B1C76295900181FA6 /* UIColor.swift */,
				8FD8752C1C76295900181FA6 /* UIDatePicker.swift */,
				8FD8752D1C76295900181FA6 /* UIEdgeInsets.swift */,
				8FD8752E1C76295900181FA6 /* UIFont.swift */,
				8FD875301C76295900181FA6 /* UIKitLocalizedString.swift */,
				8FD875311C76295900181FA6 /* UILabel.swift */,
				8FD875321C76295900181FA6 /* UILayoutConstraintAxis.swift */,
				8FD875331C76295900181FA6 /* UINavigationBar.swift */,
				8F55D7D61D50A0D600E58FBB /* UINavigationViewController.swift */,
				8FD875341C76295900181FA6 /* UIPickerView.swift */,
				8F33CEDB1D41FA250085BD56 /* UISlider.swift */,
				8FD875351C76295900181FA6 /* UITableView.swift */,
				8FD875361C76295900181FA6 /* UITextView.swift */,
				8FD875371C76295900181FA6 /* UIView.swift */,
				8FECC8351E6061F300F7F771 /* UIView+Circle.swift */,
				8F55D79D1D4B5E7B00E58FBB /* UIView+Color.swift */,
				8F33CEDD1D41FC0C0085BD56 /* UIView+Convenience.swift */,
				8FB2E0201DC89B26009036E9 /* UIView+Cover.swift */,
				8F55D7C81D4F3C5A00E58FBB /* UIView+Drag.swift */,
				8F33CED91D41F9F30085BD56 /* UIView+Hierarchy.swift */,
				8F55D7C21D4D4F1700E58FBB /* UIView+Size.swift */,
				8F33CEDF1D41FD1A0085BD56 /* UIView+Snapshot.swift */,
				8FD875381C76295900181FA6 /* UIViewController.swift */,
				8FB2E0161DC88702009036E9 /* UIViewController+Hierarchy.swift */,
				8FD875101C76293800181FA6 /* UserInterface.h */,
			);
			path = UserInterface;
			sourceTree = "<group>";
		};
		8FF376471FCB5FBC0007D9C6 /* Frameworks */ = {
			isa = PBXGroup;
			children = (
				8F7153331FCB63EE00793173 /* Arithmetic.framework */,
				8F7153341FCB63EE00793173 /* Collections.framework */,
				8F7153351FCB63EE00793173 /* Graphics.framework */,
				8FF376481FCB5FBD0007D9C6 /* Animation.framework */,
				8FF3764C1FCB5FBE0007D9C6 /* Easing.framework */,
				8FF376491FCB5FBD0007D9C6 /* Fuzzy.framework */,
				8FF3764A1FCB5FBD0007D9C6 /* Interpolation.framework */,
				8FF3764B1FCB5FBD0007D9C6 /* Rounding.framework */,
				8FF3764D1FCB5FBE0007D9C6 /* Shadow.framework */,
			);
			name = Frameworks;
			sourceTree = "<group>";
		};
/* End PBXGroup section */

/* Begin PBXHeadersBuildPhase section */
		8FD8750A1C76293800181FA6 /* Headers */ = {
			isa = PBXHeadersBuildPhase;
			buildActionMask = 2147483647;
			files = (
				8FD875111C76293800181FA6 /* UserInterface.h in Headers */,
			);
			runOnlyForDeploymentPostprocessing = 0;
		};
/* End PBXHeadersBuildPhase section */

/* Begin PBXNativeTarget section */
		8F7153681FCDF1EB00793173 /* UserInterfaceTests */ = {
			isa = PBXNativeTarget;
			buildConfigurationList = 8F7153711FCDF1EB00793173 /* Build configuration list for PBXNativeTarget "UserInterfaceTests" */;
			buildPhases = (
				8F7153651FCDF1EB00793173 /* Sources */,
				8F7153661FCDF1EB00793173 /* Frameworks */,
				8F7153671FCDF1EB00793173 /* Resources */,
			);
			buildRules = (
			);
			dependencies = (
				8F7153701FCDF1EB00793173 /* PBXTargetDependency */,
			);
			name = UserInterfaceTests;
			productName = UserInterfaceTests;
			productReference = 8F7153691FCDF1EB00793173 /* UserInterfaceTests.xctest */;
			productType = "com.apple.product-type.bundle.unit-test";
		};
		8FA50D811CAD2CFE005D28B6 /* UserInterfaceDemo */ = {
			isa = PBXNativeTarget;
			buildConfigurationList = 8FA50D911CAD2CFE005D28B6 /* Build configuration list for PBXNativeTarget "UserInterfaceDemo" */;
			buildPhases = (
				8FA50D7E1CAD2CFE005D28B6 /* Sources */,
				8FA50D7F1CAD2CFE005D28B6 /* Frameworks */,
				8FA50D801CAD2CFE005D28B6 /* Resources */,
				8FA50D981CAD3046005D28B6 /* Embed Frameworks */,
			);
			buildRules = (
			);
			dependencies = (
				8FA50D971CAD3046005D28B6 /* PBXTargetDependency */,
			);
			name = UserInterfaceDemo;
			productName = UserInterfaceDemo;
			productReference = 8FA50D821CAD2CFE005D28B6 /* UserInterfaceDemo.app */;
			productType = "com.apple.product-type.application";
		};
		8FD8750C1C76293800181FA6 /* UserInterface */ = {
			isa = PBXNativeTarget;
			buildConfigurationList = 8FD875211C76293800181FA6 /* Build configuration list for PBXNativeTarget "UserInterface" */;
			buildPhases = (
				8FD875081C76293800181FA6 /* Sources */,
				8FD875091C76293800181FA6 /* Frameworks */,
				8FD8750A1C76293800181FA6 /* Headers */,
				8FD8750B1C76293800181FA6 /* Resources */,
			);
			buildRules = (
			);
			dependencies = (
			);
			name = UserInterface;
			productName = UserInterface;
			productReference = 8FD8750D1C76293800181FA6 /* UserInterface.framework */;
			productType = "com.apple.product-type.framework";
		};
/* End PBXNativeTarget section */

/* Begin PBXProject section */
		8FD875041C76293800181FA6 /* Project object */ = {
			isa = PBXProject;
			attributes = {
				LastSwiftUpdateCheck = 0910;
				LastUpgradeCheck = 0910;
				ORGANIZATIONNAME = "Christian Otkjær";
				TargetAttributes = {
					8F7153681FCDF1EB00793173 = {
						CreatedOnToolsVersion = 9.1;
						DevelopmentTeam = 9HQR3Y4WE5;
						ProvisioningStyle = Automatic;
					};
					8FA50D811CAD2CFE005D28B6 = {
						CreatedOnToolsVersion = 7.2.1;
						DevelopmentTeam = 9HQR3Y4WE5;
						LastSwiftMigration = 0910;
					};
					8FD8750C1C76293800181FA6 = {
						CreatedOnToolsVersion = 7.2.1;
						LastSwiftMigration = 0910;
					};
				};
			};
			buildConfigurationList = 8FD875071C76293800181FA6 /* Build configuration list for PBXProject "UserInterface" */;
			compatibilityVersion = "Xcode 3.2";
			developmentRegion = English;
			hasScannedForEncodings = 0;
			knownRegions = (
				en,
				Base,
			);
			mainGroup = 8FD875031C76293800181FA6;
			productRefGroup = 8FD8750E1C76293800181FA6 /* Products */;
			projectDirPath = "";
			projectRoot = "";
			targets = (
				8FD8750C1C76293800181FA6 /* UserInterface */,
				8FA50D811CAD2CFE005D28B6 /* UserInterfaceDemo */,
				8F7153681FCDF1EB00793173 /* UserInterfaceTests */,
			);
		};
/* End PBXProject section */

/* Begin PBXResourcesBuildPhase section */
		8F7153671FCDF1EB00793173 /* Resources */ = {
			isa = PBXResourcesBuildPhase;
			buildActionMask = 2147483647;
			files = (
			);
			runOnlyForDeploymentPostprocessing = 0;
		};
		8FA50D801CAD2CFE005D28B6 /* Resources */ = {
			isa = PBXResourcesBuildPhase;
			buildActionMask = 2147483647;
			files = (
				8F3C55C61E55CB60003EE70E /* Grid.storyboard in Resources */,
				8F3C55B61E548505003EE70E /* Infinite.storyboard in Resources */,
				8FA50D8F1CAD2CFE005D28B6 /* LaunchScreen.storyboard in Resources */,
				8FFD92421D50B6D800288972 /* Rearrange.storyboard in Resources */,
				8FECC7731E5C49CB00F7F771 /* Picker.storyboard in Resources */,
				8F55D7CC1D4F8AC100E58FBB /* Dragging.storyboard in Resources */,
				8FA50D8C1CAD2CFE005D28B6 /* Assets.xcassets in Resources */,
				8FA50D8A1CAD2CFE005D28B6 /* Main.storyboard in Resources */,
				8F3C55CC1E55FFD5003EE70E /* Timeline.storyboard in Resources */,
				8F3C55B01E5438D4003EE70E /* Centered.storyboard in Resources */,
			);
			runOnlyForDeploymentPostprocessing = 0;
		};
		8FD8750B1C76293800181FA6 /* Resources */ = {
			isa = PBXResourcesBuildPhase;
			buildActionMask = 2147483647;
			files = (
				8F91BA341C844427004CBDB9 /* Cartfile in Resources */,
			);
			runOnlyForDeploymentPostprocessing = 0;
		};
/* End PBXResourcesBuildPhase section */

/* Begin PBXSourcesBuildPhase section */
		8F7153651FCDF1EB00793173 /* Sources */ = {
			isa = PBXSourcesBuildPhase;
			buildActionMask = 2147483647;
			files = (
				8F71536C1FCDF1EB00793173 /* UserInterfaceTests.swift in Sources */,
			);
			runOnlyForDeploymentPostprocessing = 0;
		};
		8FA50D7E1CAD2CFE005D28B6 /* Sources */ = {
			isa = PBXSourcesBuildPhase;
			buildActionMask = 2147483647;
			files = (
				8F3C55C81E55CB7B003EE70E /* GridCollectionViewController.swift in Sources */,
				8F55D7CE1D4F8AD500E58FBB /* DraggingViewController.swift in Sources */,
				8FECC7751E5C4A0A00F7F771 /* PickerViewController.swift in Sources */,
				8F3C55CE1E55FFE0003EE70E /* TimelineCollectionViewController.swift in Sources */,
				8FA50D871CAD2CFE005D28B6 /* ViewController.swift in Sources */,
				8FFD92441D50B74200288972 /* RearrangeViewController.swift in Sources */,
				8F3C55B21E543908003EE70E /* CenteredCollectionViewController.swift in Sources */,
				8FA50D851CAD2CFE005D28B6 /* AppDelegate.swift in Sources */,
			);
			runOnlyForDeploymentPostprocessing = 0;
		};
		8FD875081C76293800181FA6 /* Sources */ = {
			isa = PBXSourcesBuildPhase;
			buildActionMask = 2147483647;
			files = (
				8FD8753B1C76295900181FA6 /* UIApplication.swift in Sources */,
				8FB2E01F1DC89AB4009036E9 /* UICollectionView+Paths.swift in Sources */,
				8FD875461C76295900181FA6 /* UINavigationBar.swift in Sources */,
				8FD8754B1C76295900181FA6 /* UIViewController.swift in Sources */,
				8F3C55AE1E543140003EE70E /* SubstitutionCollectionViewFlowLayout.swift in Sources */,
				8F33CEE01D41FD1A0085BD56 /* UIView+Snapshot.swift in Sources */,
				8F33CEDE1D41FC0C0085BD56 /* UIView+Convenience.swift in Sources */,
				8FD875481C76295900181FA6 /* UITableView.swift in Sources */,
				8FD8754C1C76295900181FA6 /* UIBezierPath.swift in Sources */,
				8FB2E0171DC88702009036E9 /* UIViewController+Hierarchy.swift in Sources */,
				8F3C55CA1E55D333003EE70E /* CollectionViewTimelineLayout.swift in Sources */,
				8FB2E0271DC8A0FC009036E9 /* LERPCollectionViewLayout.swift in Sources */,
				8F55D7D91D50A55200E58FBB /* RearrangableView.swift in Sources */,
				8FD875431C76295900181FA6 /* UIKitLocalizedString.swift in Sources */,
				8FECC8361E6061F300F7F771 /* UIView+Circle.swift in Sources */,
				8FB2E0211DC89B26009036E9 /* UIView+Cover.swift in Sources */,
				8F55D79E1D4B5E7B00E58FBB /* UIView+Color.swift in Sources */,
				8FD875401C76295900181FA6 /* UIEdgeInsets.swift in Sources */,
				8F55D7C31D4D4F1700E58FBB /* UIView+Size.swift in Sources */,
				8FB2E01D1DC89A60009036E9 /* UICollectionView+Refresh.swift in Sources */,
				8FD875441C76295900181FA6 /* UILabel.swift in Sources */,
				8FD8753A1C76295900181FA6 /* UIActivityIndicatorView.swift in Sources */,
				8FD875471C76295900181FA6 /* UIPickerView.swift in Sources */,
				8FB2E0231DC89C1B009036E9 /* PaginationCollectionViewFlowLayout.swift in Sources */,
				8F3C55AA1E542DED003EE70E /* CenteredCollectionViewFlowLayout.swift in Sources */,
				8FD875451C76295900181FA6 /* UILayoutConstraintAxis.swift in Sources */,
				8F33CEDA1D41F9F30085BD56 /* UIView+Hierarchy.swift in Sources */,
				8FD875491C76295900181FA6 /* UITextView.swift in Sources */,
				8FD8753D1C76295900181FA6 /* UICollectionView.swift in Sources */,
				8F3C55C41E55BD7D003EE70E /* CollectionViewGridLayout.swift in Sources */,
				8F55D7C91D4F3C5A00E58FBB /* UIView+Drag.swift in Sources */,
				8FFD923E1D50A9B400288972 /* RearrangableViewDelegate.swift in Sources */,
				8FD875411C76295900181FA6 /* UIFont.swift in Sources */,
				8FB2E0251DC89E63009036E9 /* UICollectionViewController+FlowLayout.swift in Sources */,
				8FA50D7D1CAD287C005D28B6 /* CellsView.swift in Sources */,
				8FD8753F1C76295900181FA6 /* UIDatePicker.swift in Sources */,
				8F33CEDC1D41FA250085BD56 /* UISlider.swift in Sources */,
				8FD8754A1C76295900181FA6 /* UIView.swift in Sources */,
				8F79390A1D1BF02E002FFAD1 /* ManagedCollectionViewController.swift in Sources */,
				8FD8753C1C76295900181FA6 /* UIButton.swift in Sources */,
				8FD8753E1C76295900181FA6 /* UIColor.swift in Sources */,
				8F55D7D71D50A0D600E58FBB /* UINavigationViewController.swift in Sources */,
				8FD875CC1C762C2900181FA6 /* Error.swift in Sources */,
				8F3C55B41E547E4B003EE70E /* InfiniteScrollView.swift in Sources */,
			);
			runOnlyForDeploymentPostprocessing = 0;
		};
/* End PBXSourcesBuildPhase section */

/* Begin PBXTargetDependency section */
		8F7153701FCDF1EB00793173 /* PBXTargetDependency */ = {
			isa = PBXTargetDependency;
			target = 8FD8750C1C76293800181FA6 /* UserInterface */;
			targetProxy = 8F71536F1FCDF1EB00793173 /* PBXContainerItemProxy */;
		};
		8FA50D971CAD3046005D28B6 /* PBXTargetDependency */ = {
			isa = PBXTargetDependency;
			target = 8FD8750C1C76293800181FA6 /* UserInterface */;
			targetProxy = 8FA50D961CAD3046005D28B6 /* PBXContainerItemProxy */;
		};
/* End PBXTargetDependency section */

/* Begin PBXVariantGroup section */
		8FA50D881CAD2CFE005D28B6 /* Main.storyboard */ = {
			isa = PBXVariantGroup;
			children = (
				8FA50D891CAD2CFE005D28B6 /* Base */,
			);
			name = Main.storyboard;
			sourceTree = "<group>";
		};
		8FA50D8D1CAD2CFE005D28B6 /* LaunchScreen.storyboard */ = {
			isa = PBXVariantGroup;
			children = (
				8FA50D8E1CAD2CFE005D28B6 /* Base */,
			);
			name = LaunchScreen.storyboard;
			sourceTree = "<group>";
		};
/* End PBXVariantGroup section */

/* Begin XCBuildConfiguration section */
		8F7153721FCDF1EB00793173 /* Debug */ = {
			isa = XCBuildConfiguration;
			buildSettings = {
				CLANG_ANALYZER_NONNULL = YES;
				CLANG_ANALYZER_NUMBER_OBJECT_CONVERSION = YES_AGGRESSIVE;
				CLANG_CXX_LANGUAGE_STANDARD = "gnu++14";
				CLANG_WARN_DOCUMENTATION_COMMENTS = YES;
				CLANG_WARN_UNGUARDED_AVAILABILITY = YES_AGGRESSIVE;
				CODE_SIGN_IDENTITY = "iPhone Developer";
				CODE_SIGN_STYLE = Automatic;
				DEVELOPMENT_TEAM = 9HQR3Y4WE5;
				GCC_C_LANGUAGE_STANDARD = gnu11;
				INFOPLIST_FILE = UserInterfaceTests/Info.plist;
				IPHONEOS_DEPLOYMENT_TARGET = 11.1;
				LD_RUNPATH_SEARCH_PATHS = "$(inherited) @executable_path/Frameworks @loader_path/Frameworks";
				PRODUCT_BUNDLE_IDENTIFIER = "silverback-it.com.UserInterfaceTests";
				PRODUCT_NAME = "$(TARGET_NAME)";
				SWIFT_ACTIVE_COMPILATION_CONDITIONS = DEBUG;
				SWIFT_VERSION = 4.0;
				TARGETED_DEVICE_FAMILY = "1,2";
			};
			name = Debug;
		};
		8F7153731FCDF1EB00793173 /* Release */ = {
			isa = XCBuildConfiguration;
			buildSettings = {
				CLANG_ANALYZER_NONNULL = YES;
				CLANG_ANALYZER_NUMBER_OBJECT_CONVERSION = YES_AGGRESSIVE;
				CLANG_CXX_LANGUAGE_STANDARD = "gnu++14";
				CLANG_WARN_DOCUMENTATION_COMMENTS = YES;
				CLANG_WARN_UNGUARDED_AVAILABILITY = YES_AGGRESSIVE;
				CODE_SIGN_IDENTITY = "iPhone Developer";
				CODE_SIGN_STYLE = Automatic;
				DEVELOPMENT_TEAM = 9HQR3Y4WE5;
				GCC_C_LANGUAGE_STANDARD = gnu11;
				INFOPLIST_FILE = UserInterfaceTests/Info.plist;
				IPHONEOS_DEPLOYMENT_TARGET = 11.1;
				LD_RUNPATH_SEARCH_PATHS = "$(inherited) @executable_path/Frameworks @loader_path/Frameworks";
				PRODUCT_BUNDLE_IDENTIFIER = "silverback-it.com.UserInterfaceTests";
				PRODUCT_NAME = "$(TARGET_NAME)";
				SWIFT_VERSION = 4.0;
				TARGETED_DEVICE_FAMILY = "1,2";
			};
			name = Release;
		};
		8FA50D921CAD2CFE005D28B6 /* Debug */ = {
			isa = XCBuildConfiguration;
			buildSettings = {
				ALWAYS_EMBED_SWIFT_STANDARD_LIBRARIES = YES;
				ASSETCATALOG_COMPILER_APPICON_NAME = AppIcon;
				DEVELOPMENT_TEAM = 9HQR3Y4WE5;
				FRAMEWORK_SEARCH_PATHS = (
					"$(inherited)",
					"$(PROJECT_DIR)/Carthage/Build/iOS",
				);
				INFOPLIST_FILE = UserInterfaceDemo/Info.plist;
				IPHONEOS_DEPLOYMENT_TARGET = 9.3;
				LD_RUNPATH_SEARCH_PATHS = "$(inherited) @executable_path/Frameworks";
				PRODUCT_BUNDLE_IDENTIFIER = "com.silverback-it.UserInterfaceDemo";
				PRODUCT_NAME = "$(TARGET_NAME)";
				SWIFT_SWIFT3_OBJC_INFERENCE = Default;
				SWIFT_VERSION = 4.0;
			};
			name = Debug;
		};
		8FA50D931CAD2CFE005D28B6 /* Release */ = {
			isa = XCBuildConfiguration;
			buildSettings = {
				ALWAYS_EMBED_SWIFT_STANDARD_LIBRARIES = YES;
				ASSETCATALOG_COMPILER_APPICON_NAME = AppIcon;
				DEVELOPMENT_TEAM = 9HQR3Y4WE5;
				FRAMEWORK_SEARCH_PATHS = (
					"$(inherited)",
					"$(PROJECT_DIR)/Carthage/Build/iOS",
				);
				INFOPLIST_FILE = UserInterfaceDemo/Info.plist;
				IPHONEOS_DEPLOYMENT_TARGET = 9.3;
				LD_RUNPATH_SEARCH_PATHS = "$(inherited) @executable_path/Frameworks";
				PRODUCT_BUNDLE_IDENTIFIER = "com.silverback-it.UserInterfaceDemo";
				PRODUCT_NAME = "$(TARGET_NAME)";
				SWIFT_SWIFT3_OBJC_INFERENCE = Default;
				SWIFT_VERSION = 4.0;
			};
			name = Release;
		};
		8FD8751F1C76293800181FA6 /* Debug */ = {
			isa = XCBuildConfiguration;
			buildSettings = {
				ALWAYS_SEARCH_USER_PATHS = NO;
				CLANG_CXX_LANGUAGE_STANDARD = "gnu++0x";
				CLANG_CXX_LIBRARY = "libc++";
				CLANG_ENABLE_MODULES = YES;
				CLANG_ENABLE_OBJC_ARC = YES;
				CLANG_WARN_BLOCK_CAPTURE_AUTORELEASING = YES;
				CLANG_WARN_BOOL_CONVERSION = YES;
				CLANG_WARN_COMMA = YES;
				CLANG_WARN_CONSTANT_CONVERSION = YES;
				CLANG_WARN_DIRECT_OBJC_ISA_USAGE = YES_ERROR;
				CLANG_WARN_EMPTY_BODY = YES;
				CLANG_WARN_ENUM_CONVERSION = YES;
				CLANG_WARN_INFINITE_RECURSION = YES;
				CLANG_WARN_INT_CONVERSION = YES;
				CLANG_WARN_NON_LITERAL_NULL_CONVERSION = YES;
				CLANG_WARN_OBJC_LITERAL_CONVERSION = YES;
				CLANG_WARN_OBJC_ROOT_CLASS = YES_ERROR;
				CLANG_WARN_RANGE_LOOP_ANALYSIS = YES;
				CLANG_WARN_STRICT_PROTOTYPES = YES;
				CLANG_WARN_SUSPICIOUS_MOVE = YES;
				CLANG_WARN_UNREACHABLE_CODE = YES;
				CLANG_WARN__DUPLICATE_METHOD_MATCH = YES;
				"CODE_SIGN_IDENTITY[sdk=iphoneos*]" = "iPhone Developer";
				COPY_PHASE_STRIP = NO;
				CURRENT_PROJECT_VERSION = 1;
				DEBUG_INFORMATION_FORMAT = dwarf;
				ENABLE_STRICT_OBJC_MSGSEND = YES;
				ENABLE_TESTABILITY = YES;
				GCC_C_LANGUAGE_STANDARD = gnu99;
				GCC_DYNAMIC_NO_PIC = NO;
				GCC_NO_COMMON_BLOCKS = YES;
				GCC_OPTIMIZATION_LEVEL = 0;
				GCC_PREPROCESSOR_DEFINITIONS = (
					"DEBUG=1",
					"$(inherited)",
				);
				GCC_WARN_64_TO_32_BIT_CONVERSION = YES;
				GCC_WARN_ABOUT_RETURN_TYPE = YES_ERROR;
				GCC_WARN_UNDECLARED_SELECTOR = YES;
				GCC_WARN_UNINITIALIZED_AUTOS = YES_AGGRESSIVE;
				GCC_WARN_UNUSED_FUNCTION = YES;
				GCC_WARN_UNUSED_VARIABLE = YES;
				IPHONEOS_DEPLOYMENT_TARGET = 9.3;
				MTL_ENABLE_DEBUG_INFO = YES;
				ONLY_ACTIVE_ARCH = YES;
				SDKROOT = iphoneos;
				SWIFT_OPTIMIZATION_LEVEL = "-Onone";
				TARGETED_DEVICE_FAMILY = "1,2";
				VERSIONING_SYSTEM = "apple-generic";
				VERSION_INFO_PREFIX = "";
			};
			name = Debug;
		};
		8FD875201C76293800181FA6 /* Release */ = {
			isa = XCBuildConfiguration;
			buildSettings = {
				ALWAYS_SEARCH_USER_PATHS = NO;
				CLANG_CXX_LANGUAGE_STANDARD = "gnu++0x";
				CLANG_CXX_LIBRARY = "libc++";
				CLANG_ENABLE_MODULES = YES;
				CLANG_ENABLE_OBJC_ARC = YES;
				CLANG_WARN_BLOCK_CAPTURE_AUTORELEASING = YES;
				CLANG_WARN_BOOL_CONVERSION = YES;
				CLANG_WARN_COMMA = YES;
				CLANG_WARN_CONSTANT_CONVERSION = YES;
				CLANG_WARN_DIRECT_OBJC_ISA_USAGE = YES_ERROR;
				CLANG_WARN_EMPTY_BODY = YES;
				CLANG_WARN_ENUM_CONVERSION = YES;
				CLANG_WARN_INFINITE_RECURSION = YES;
				CLANG_WARN_INT_CONVERSION = YES;
				CLANG_WARN_NON_LITERAL_NULL_CONVERSION = YES;
				CLANG_WARN_OBJC_LITERAL_CONVERSION = YES;
				CLANG_WARN_OBJC_ROOT_CLASS = YES_ERROR;
				CLANG_WARN_RANGE_LOOP_ANALYSIS = YES;
				CLANG_WARN_STRICT_PROTOTYPES = YES;
				CLANG_WARN_SUSPICIOUS_MOVE = YES;
				CLANG_WARN_UNREACHABLE_CODE = YES;
				CLANG_WARN__DUPLICATE_METHOD_MATCH = YES;
				"CODE_SIGN_IDENTITY[sdk=iphoneos*]" = "iPhone Developer";
				COPY_PHASE_STRIP = NO;
				CURRENT_PROJECT_VERSION = 1;
				DEBUG_INFORMATION_FORMAT = "dwarf-with-dsym";
				ENABLE_NS_ASSERTIONS = NO;
				ENABLE_STRICT_OBJC_MSGSEND = YES;
				GCC_C_LANGUAGE_STANDARD = gnu99;
				GCC_NO_COMMON_BLOCKS = YES;
				GCC_WARN_64_TO_32_BIT_CONVERSION = YES;
				GCC_WARN_ABOUT_RETURN_TYPE = YES_ERROR;
				GCC_WARN_UNDECLARED_SELECTOR = YES;
				GCC_WARN_UNINITIALIZED_AUTOS = YES_AGGRESSIVE;
				GCC_WARN_UNUSED_FUNCTION = YES;
				GCC_WARN_UNUSED_VARIABLE = YES;
				IPHONEOS_DEPLOYMENT_TARGET = 9.3;
				MTL_ENABLE_DEBUG_INFO = NO;
				SDKROOT = iphoneos;
				SWIFT_OPTIMIZATION_LEVEL = "-Owholemodule";
				TARGETED_DEVICE_FAMILY = "1,2";
				VALIDATE_PRODUCT = YES;
				VERSIONING_SYSTEM = "apple-generic";
				VERSION_INFO_PREFIX = "";
			};
			name = Release;
		};
		8FD875221C76293800181FA6 /* Debug */ = {
			isa = XCBuildConfiguration;
			buildSettings = {
				CLANG_ENABLE_MODULES = YES;
				"CODE_SIGN_IDENTITY[sdk=iphoneos*]" = "";
				DEFINES_MODULE = YES;
				DYLIB_COMPATIBILITY_VERSION = 1;
				DYLIB_CURRENT_VERSION = 1;
				DYLIB_INSTALL_NAME_BASE = "@rpath";
				FRAMEWORK_SEARCH_PATHS = (
					"$(inherited)",
					"$(PROJECT_DIR)/Carthage/Build/iOS",
				);
				INFOPLIST_FILE = UserInterface/Info.plist;
				INSTALL_PATH = "$(LOCAL_LIBRARY_DIR)/Frameworks";
				IPHONEOS_DEPLOYMENT_TARGET = 9.3;
				LD_RUNPATH_SEARCH_PATHS = "$(inherited) @executable_path/Frameworks @loader_path/Frameworks";
				PRODUCT_BUNDLE_IDENTIFIER = "com.silverback-it.UserInterface";
				PRODUCT_NAME = "$(TARGET_NAME)";
				SKIP_INSTALL = YES;
				SWIFT_OPTIMIZATION_LEVEL = "-Onone";
				SWIFT_SWIFT3_OBJC_INFERENCE = Default;
				SWIFT_VERSION = 4.0;
			};
			name = Debug;
		};
		8FD875231C76293800181FA6 /* Release */ = {
			isa = XCBuildConfiguration;
			buildSettings = {
				CLANG_ENABLE_MODULES = YES;
				"CODE_SIGN_IDENTITY[sdk=iphoneos*]" = "";
				DEFINES_MODULE = YES;
				DYLIB_COMPATIBILITY_VERSION = 1;
				DYLIB_CURRENT_VERSION = 1;
				DYLIB_INSTALL_NAME_BASE = "@rpath";
				FRAMEWORK_SEARCH_PATHS = (
					"$(inherited)",
					"$(PROJECT_DIR)/Carthage/Build/iOS",
				);
				INFOPLIST_FILE = UserInterface/Info.plist;
				INSTALL_PATH = "$(LOCAL_LIBRARY_DIR)/Frameworks";
				IPHONEOS_DEPLOYMENT_TARGET = 9.3;
				LD_RUNPATH_SEARCH_PATHS = "$(inherited) @executable_path/Frameworks @loader_path/Frameworks";
				PRODUCT_BUNDLE_IDENTIFIER = "com.silverback-it.UserInterface";
				PRODUCT_NAME = "$(TARGET_NAME)";
				SKIP_INSTALL = YES;
				SWIFT_SWIFT3_OBJC_INFERENCE = Default;
				SWIFT_VERSION = 4.0;
			};
			name = Release;
		};
/* End XCBuildConfiguration section */

/* Begin XCConfigurationList section */
		8F7153711FCDF1EB00793173 /* Build configuration list for PBXNativeTarget "UserInterfaceTests" */ = {
			isa = XCConfigurationList;
			buildConfigurations = (
				8F7153721FCDF1EB00793173 /* Debug */,
				8F7153731FCDF1EB00793173 /* Release */,
			);
			defaultConfigurationIsVisible = 0;
			defaultConfigurationName = Release;
		};
		8FA50D911CAD2CFE005D28B6 /* Build configuration list for PBXNativeTarget "UserInterfaceDemo" */ = {
			isa = XCConfigurationList;
			buildConfigurations = (
				8FA50D921CAD2CFE005D28B6 /* Debug */,
				8FA50D931CAD2CFE005D28B6 /* Release */,
			);
			defaultConfigurationIsVisible = 0;
			defaultConfigurationName = Release;
		};
		8FD875071C76293800181FA6 /* Build configuration list for PBXProject "UserInterface" */ = {
			isa = XCConfigurationList;
			buildConfigurations = (
				8FD8751F1C76293800181FA6 /* Debug */,
				8FD875201C76293800181FA6 /* Release */,
			);
			defaultConfigurationIsVisible = 0;
			defaultConfigurationName = Release;
		};
		8FD875211C76293800181FA6 /* Build configuration list for PBXNativeTarget "UserInterface" */ = {
			isa = XCConfigurationList;
			buildConfigurations = (
				8FD875221C76293800181FA6 /* Debug */,
				8FD875231C76293800181FA6 /* Release */,
			);
			defaultConfigurationIsVisible = 0;
			defaultConfigurationName = Release;
		};
/* End XCConfigurationList section */
	};
	rootObject = 8FD875041C76293800181FA6 /* Project object */;
}
